// !$*UTF8*$!
{
	archiveVersion = 1;
	classes = {
	};
	objectVersion = 48;
	objects = {

/* Begin PBXBuildFile section */
		9A99C894203C93FA0057D607 /* AppDelegate.swift in Sources */ = {isa = PBXBuildFile; fileRef = 9A99C893203C93FA0057D607 /* AppDelegate.swift */; };
		9A99C896203C93FA0057D607 /* BaseViewController.swift in Sources */ = {isa = PBXBuildFile; fileRef = 9A99C895203C93FA0057D607 /* BaseViewController.swift */; };
		9A99C899203C93FA0057D607 /* Main.storyboard in Resources */ = {isa = PBXBuildFile; fileRef = 9A99C897203C93FA0057D607 /* Main.storyboard */; };
		9A99C89C203C93FA0057D607 /* BOZ.xcdatamodeld in Sources */ = {isa = PBXBuildFile; fileRef = 9A99C89A203C93FA0057D607 /* BOZ.xcdatamodeld */; };
		9A99C89E203C93FA0057D607 /* Assets.xcassets in Resources */ = {isa = PBXBuildFile; fileRef = 9A99C89D203C93FA0057D607 /* Assets.xcassets */; };
		9A99C8A1203C93FA0057D607 /* LaunchScreen.storyboard in Resources */ = {isa = PBXBuildFile; fileRef = 9A99C89F203C93FA0057D607 /* LaunchScreen.storyboard */; };
		9A99C8AC203C93FA0057D607 /* BOZTests.swift in Sources */ = {isa = PBXBuildFile; fileRef = 9A99C8AB203C93FA0057D607 /* BOZTests.swift */; };
		9A99C8B7203C93FA0057D607 /* BOZUITests.swift in Sources */ = {isa = PBXBuildFile; fileRef = 9A99C8B6203C93FA0057D607 /* BOZUITests.swift */; };
		AD2AFD7E203F3F77006B93A5 /* QuickDonationViewController.swift in Sources */ = {isa = PBXBuildFile; fileRef = AD2AFD7D203F3F77006B93A5 /* QuickDonationViewController.swift */; };
		AD3A6C372041C1FF0004C825 /* CoreDataModel.swift in Sources */ = {isa = PBXBuildFile; fileRef = AD3A6C362041C1FF0004C825 /* CoreDataModel.swift */; };
		AD81FFB4204067A2001CBFDA /* ProductListViewController.swift in Sources */ = {isa = PBXBuildFile; fileRef = AD81FFB3204067A2001CBFDA /* ProductListViewController.swift */; };
		AD81FFB620406FEE001CBFDA /* ProductCollectionViewCell.swift in Sources */ = {isa = PBXBuildFile; fileRef = AD81FFB520406FEE001CBFDA /* ProductCollectionViewCell.swift */; };
		AD81FFB920407495001CBFDA /* MilkSubst.swift in Sources */ = {isa = PBXBuildFile; fileRef = AD81FFB820407495001CBFDA /* MilkSubst.swift */; };
		AD81FFBB2040756B001CBFDA /* ApiClient.swift in Sources */ = {isa = PBXBuildFile; fileRef = AD81FFBA2040756B001CBFDA /* ApiClient.swift */; };
		AD81FFBD20407706001CBFDA /* DataStore.swift in Sources */ = {isa = PBXBuildFile; fileRef = AD81FFBC20407706001CBFDA /* DataStore.swift */; };
		AD8C1E6C203F0A2C0006BFC5 /* Web2HelpViewController.swift in Sources */ = {isa = PBXBuildFile; fileRef = AD8C1E6B203F0A2C0006BFC5 /* Web2HelpViewController.swift */; };
		ADB1F6F2203F708A00F09BF5 /* ComeToMeViewController.swift in Sources */ = {isa = PBXBuildFile; fileRef = ADB1F6F1203F708A00F09BF5 /* ComeToMeViewController.swift */; };
		ADB9EC4A203E0BDC00457A61 /* MainViewController.swift in Sources */ = {isa = PBXBuildFile; fileRef = ADB9EC49203E0BDC00457A61 /* MainViewController.swift */; };
		ADB9EC52203E310A00457A61 /* logo.gif in Resources */ = {isa = PBXBuildFile; fileRef = ADB9EC51203E310A00457A61 /* logo.gif */; };
		ADC9823E203F2F74004BD58B /* AboutViewController.swift in Sources */ = {isa = PBXBuildFile; fileRef = ADC9823D203F2F74004BD58B /* AboutViewController.swift */; };
		ADF30ACC203F58D000839FF2 /* TakeFromMe1_Details_ViewController.swift in Sources */ = {isa = PBXBuildFile; fileRef = ADF30ACB203F58D000839FF2 /* TakeFromMe1_Details_ViewController.swift */; };
		FC9FB3642045F69200A3B508 /* DonationVC.swift in Sources */ = {isa = PBXBuildFile; fileRef = FC9FB3632045F69200A3B508 /* DonationVC.swift */; };
		FC9FB36720470F3F00A3B508 /* BranchCell.swift in Sources */ = {isa = PBXBuildFile; fileRef = FC9FB36620470F3F00A3B508 /* BranchCell.swift */; };
		FC9FB36A2047102D00A3B508 /* Methods.swift in Sources */ = {isa = PBXBuildFile; fileRef = FC9FB3692047102D00A3B508 /* Methods.swift */; };
		FC9FB36D2047196500A3B508 /* Branch.swift in Sources */ = {isa = PBXBuildFile; fileRef = FC9FB36C2047196500A3B508 /* Branch.swift */; };
		FC9FB36F2047223500A3B508 /* BranchListVC.swift in Sources */ = {isa = PBXBuildFile; fileRef = FC9FB36E2047223400A3B508 /* BranchListVC.swift */; };
		FCC458372045B5D300A89CDE /* GifImageView.swift in Sources */ = {isa = PBXBuildFile; fileRef = FCC458362045B5D300A89CDE /* GifImageView.swift */; };
		FCC458392045C6B900A89CDE /* MainVC.swift in Sources */ = {isa = PBXBuildFile; fileRef = FCC458382045C6B900A89CDE /* MainVC.swift */; };
/* End PBXBuildFile section */

/* Begin PBXContainerItemProxy section */
		9A99C8A8203C93FA0057D607 /* PBXContainerItemProxy */ = {
			isa = PBXContainerItemProxy;
			containerPortal = 9A99C888203C93FA0057D607 /* Project object */;
			proxyType = 1;
			remoteGlobalIDString = 9A99C88F203C93FA0057D607;
			remoteInfo = BOZ;
		};
		9A99C8B3203C93FA0057D607 /* PBXContainerItemProxy */ = {
			isa = PBXContainerItemProxy;
			containerPortal = 9A99C888203C93FA0057D607 /* Project object */;
			proxyType = 1;
			remoteGlobalIDString = 9A99C88F203C93FA0057D607;
			remoteInfo = BOZ;
		};
/* End PBXContainerItemProxy section */

/* Begin PBXFileReference section */
		9A99C890203C93FA0057D607 /* BOZ.app */ = {isa = PBXFileReference; explicitFileType = wrapper.application; includeInIndex = 0; path = BOZ.app; sourceTree = BUILT_PRODUCTS_DIR; };
		9A99C893203C93FA0057D607 /* AppDelegate.swift */ = {isa = PBXFileReference; lastKnownFileType = sourcecode.swift; path = AppDelegate.swift; sourceTree = "<group>"; };
		9A99C895203C93FA0057D607 /* BaseViewController.swift */ = {isa = PBXFileReference; lastKnownFileType = sourcecode.swift; path = BaseViewController.swift; sourceTree = "<group>"; };
		9A99C898203C93FA0057D607 /* Base */ = {isa = PBXFileReference; lastKnownFileType = file.storyboard; name = Base; path = Base.lproj/Main.storyboard; sourceTree = "<group>"; };
		9A99C89B203C93FA0057D607 /* BOZ.xcdatamodel */ = {isa = PBXFileReference; lastKnownFileType = wrapper.xcdatamodel; path = BOZ.xcdatamodel; sourceTree = "<group>"; };
		9A99C89D203C93FA0057D607 /* Assets.xcassets */ = {isa = PBXFileReference; lastKnownFileType = folder.assetcatalog; path = Assets.xcassets; sourceTree = "<group>"; };
		9A99C8A0203C93FA0057D607 /* Base */ = {isa = PBXFileReference; lastKnownFileType = file.storyboard; name = Base; path = Base.lproj/LaunchScreen.storyboard; sourceTree = "<group>"; };
		9A99C8A2203C93FA0057D607 /* Info.plist */ = {isa = PBXFileReference; lastKnownFileType = text.plist.xml; path = Info.plist; sourceTree = "<group>"; };
		9A99C8A7203C93FA0057D607 /* BOZTests.xctest */ = {isa = PBXFileReference; explicitFileType = wrapper.cfbundle; includeInIndex = 0; path = BOZTests.xctest; sourceTree = BUILT_PRODUCTS_DIR; };
		9A99C8AB203C93FA0057D607 /* BOZTests.swift */ = {isa = PBXFileReference; lastKnownFileType = sourcecode.swift; path = BOZTests.swift; sourceTree = "<group>"; };
		9A99C8AD203C93FA0057D607 /* Info.plist */ = {isa = PBXFileReference; lastKnownFileType = text.plist.xml; path = Info.plist; sourceTree = "<group>"; };
		9A99C8B2203C93FA0057D607 /* BOZUITests.xctest */ = {isa = PBXFileReference; explicitFileType = wrapper.cfbundle; includeInIndex = 0; path = BOZUITests.xctest; sourceTree = BUILT_PRODUCTS_DIR; };
		9A99C8B6203C93FA0057D607 /* BOZUITests.swift */ = {isa = PBXFileReference; lastKnownFileType = sourcecode.swift; path = BOZUITests.swift; sourceTree = "<group>"; };
		9A99C8B8203C93FA0057D607 /* Info.plist */ = {isa = PBXFileReference; lastKnownFileType = text.plist.xml; path = Info.plist; sourceTree = "<group>"; };
		AD2AFD7D203F3F77006B93A5 /* QuickDonationViewController.swift */ = {isa = PBXFileReference; lastKnownFileType = sourcecode.swift; path = QuickDonationViewController.swift; sourceTree = "<group>"; };
		AD3A6C362041C1FF0004C825 /* CoreDataModel.swift */ = {isa = PBXFileReference; lastKnownFileType = sourcecode.swift; path = CoreDataModel.swift; sourceTree = "<group>"; };
		AD81FFB3204067A2001CBFDA /* ProductListViewController.swift */ = {isa = PBXFileReference; lastKnownFileType = sourcecode.swift; path = ProductListViewController.swift; sourceTree = "<group>"; };
		AD81FFB520406FEE001CBFDA /* ProductCollectionViewCell.swift */ = {isa = PBXFileReference; lastKnownFileType = sourcecode.swift; path = ProductCollectionViewCell.swift; sourceTree = "<group>"; };
		AD81FFB820407495001CBFDA /* MilkSubst.swift */ = {isa = PBXFileReference; lastKnownFileType = sourcecode.swift; path = MilkSubst.swift; sourceTree = "<group>"; };
		AD81FFBA2040756B001CBFDA /* ApiClient.swift */ = {isa = PBXFileReference; lastKnownFileType = sourcecode.swift; path = ApiClient.swift; sourceTree = "<group>"; };
		AD81FFBC20407706001CBFDA /* DataStore.swift */ = {isa = PBXFileReference; lastKnownFileType = sourcecode.swift; path = DataStore.swift; sourceTree = "<group>"; };
		AD8C1E6B203F0A2C0006BFC5 /* Web2HelpViewController.swift */ = {isa = PBXFileReference; lastKnownFileType = sourcecode.swift; path = Web2HelpViewController.swift; sourceTree = "<group>"; };
		ADB1F6F1203F708A00F09BF5 /* ComeToMeViewController.swift */ = {isa = PBXFileReference; lastKnownFileType = sourcecode.swift; path = ComeToMeViewController.swift; sourceTree = "<group>"; };
		ADB9EC49203E0BDC00457A61 /* MainViewController.swift */ = {isa = PBXFileReference; lastKnownFileType = sourcecode.swift; path = MainViewController.swift; sourceTree = "<group>"; };
		ADB9EC51203E310A00457A61 /* logo.gif */ = {isa = PBXFileReference; lastKnownFileType = image.gif; path = logo.gif; sourceTree = "<group>"; };
		ADC9823D203F2F74004BD58B /* AboutViewController.swift */ = {isa = PBXFileReference; lastKnownFileType = sourcecode.swift; path = AboutViewController.swift; sourceTree = "<group>"; };
		ADF30ACB203F58D000839FF2 /* TakeFromMe1_Details_ViewController.swift */ = {isa = PBXFileReference; lastKnownFileType = sourcecode.swift; path = TakeFromMe1_Details_ViewController.swift; sourceTree = "<group>"; };
		FC9FB3632045F69200A3B508 /* DonationVC.swift */ = {isa = PBXFileReference; lastKnownFileType = sourcecode.swift; path = DonationVC.swift; sourceTree = "<group>"; };
		FC9FB36620470F3F00A3B508 /* BranchCell.swift */ = {isa = PBXFileReference; lastKnownFileType = sourcecode.swift; path = BranchCell.swift; sourceTree = "<group>"; };
		FC9FB3692047102D00A3B508 /* Methods.swift */ = {isa = PBXFileReference; lastKnownFileType = sourcecode.swift; path = Methods.swift; sourceTree = "<group>"; };
		FC9FB36C2047196500A3B508 /* Branch.swift */ = {isa = PBXFileReference; lastKnownFileType = sourcecode.swift; path = Branch.swift; sourceTree = "<group>"; };
		FC9FB36E2047223400A3B508 /* BranchListVC.swift */ = {isa = PBXFileReference; lastKnownFileType = sourcecode.swift; path = BranchListVC.swift; sourceTree = "<group>"; };
		FCC458362045B5D300A89CDE /* GifImageView.swift */ = {isa = PBXFileReference; fileEncoding = 4; lastKnownFileType = sourcecode.swift; name = GifImageView.swift; path = ../GifImageView.swift; sourceTree = "<group>"; };
		FCC458382045C6B900A89CDE /* MainVC.swift */ = {isa = PBXFileReference; lastKnownFileType = sourcecode.swift; path = MainVC.swift; sourceTree = "<group>"; };
/* End PBXFileReference section */

/* Begin PBXFrameworksBuildPhase section */
		9A99C88D203C93FA0057D607 /* Frameworks */ = {
			isa = PBXFrameworksBuildPhase;
			buildActionMask = 2147483647;
			files = (
			);
			runOnlyForDeploymentPostprocessing = 0;
		};
		9A99C8A4203C93FA0057D607 /* Frameworks */ = {
			isa = PBXFrameworksBuildPhase;
			buildActionMask = 2147483647;
			files = (
			);
			runOnlyForDeploymentPostprocessing = 0;
		};
		9A99C8AF203C93FA0057D607 /* Frameworks */ = {
			isa = PBXFrameworksBuildPhase;
			buildActionMask = 2147483647;
			files = (
			);
			runOnlyForDeploymentPostprocessing = 0;
		};
/* End PBXFrameworksBuildPhase section */

/* Begin PBXGroup section */
		9A99C887203C93FA0057D607 = {
			isa = PBXGroup;
			children = (
				9A99C892203C93FA0057D607 /* BOZ */,
				9A99C8AA203C93FA0057D607 /* BOZTests */,
				9A99C8B5203C93FA0057D607 /* BOZUITests */,
				9A99C891203C93FA0057D607 /* Products */,
			);
			sourceTree = "<group>";
		};
		9A99C891203C93FA0057D607 /* Products */ = {
			isa = PBXGroup;
			children = (
				9A99C890203C93FA0057D607 /* BOZ.app */,
				9A99C8A7203C93FA0057D607 /* BOZTests.xctest */,
				9A99C8B2203C93FA0057D607 /* BOZUITests.xctest */,
			);
			name = Products;
			sourceTree = "<group>";
		};
		9A99C892203C93FA0057D607 /* BOZ */ = {
			isa = PBXGroup;
			children = (
				FC9FB3682047101E00A3B508 /* utils */,
				FC9FB36520470E9900A3B508 /* customViews */,
				ADB9EC4C203E2CFB00457A61 /* supportLibraries */,
				ADB9EC4B203E0CBA00457A61 /* models */,
				ADB9EC47203E0B5300457A61 /* controllers */,
				9A99C893203C93FA0057D607 /* AppDelegate.swift */,
				9A99C897203C93FA0057D607 /* Main.storyboard */,
				9A99C89D203C93FA0057D607 /* Assets.xcassets */,
				9A99C89F203C93FA0057D607 /* LaunchScreen.storyboard */,
				9A99C8A2203C93FA0057D607 /* Info.plist */,
				ADB9EC51203E310A00457A61 /* logo.gif */,
				9A99C89A203C93FA0057D607 /* BOZ.xcdatamodeld */,
			);
			path = BOZ;
			sourceTree = "<group>";
		};
		9A99C8AA203C93FA0057D607 /* BOZTests */ = {
			isa = PBXGroup;
			children = (
				9A99C8AB203C93FA0057D607 /* BOZTests.swift */,
				9A99C8AD203C93FA0057D607 /* Info.plist */,
			);
			path = BOZTests;
			sourceTree = "<group>";
		};
		9A99C8B5203C93FA0057D607 /* BOZUITests */ = {
			isa = PBXGroup;
			children = (
				9A99C8B6203C93FA0057D607 /* BOZUITests.swift */,
				9A99C8B8203C93FA0057D607 /* Info.plist */,
			);
			path = BOZUITests;
			sourceTree = "<group>";
		};
		AD81FFB720407447001CBFDA /* productCollection */ = {
			isa = PBXGroup;
			children = (
				AD81FFB3204067A2001CBFDA /* ProductListViewController.swift */,
				AD81FFB520406FEE001CBFDA /* ProductCollectionViewCell.swift */,
				AD81FFB820407495001CBFDA /* MilkSubst.swift */,
				AD81FFBA2040756B001CBFDA /* ApiClient.swift */,
				AD81FFBC20407706001CBFDA /* DataStore.swift */,
			);
			path = productCollection;
			sourceTree = "<group>";
		};
		ADB9EC47203E0B5300457A61 /* controllers */ = {
			isa = PBXGroup;
			children = (
				AD81FFB720407447001CBFDA /* productCollection */,
				ADB9EC48203E0B6900457A61 /* basecontroller */,
				ADB9EC49203E0BDC00457A61 /* MainViewController.swift */,
				AD8C1E6B203F0A2C0006BFC5 /* Web2HelpViewController.swift */,
				ADC9823D203F2F74004BD58B /* AboutViewController.swift */,
				AD2AFD7D203F3F77006B93A5 /* QuickDonationViewController.swift */,
				ADF30ACB203F58D000839FF2 /* TakeFromMe1_Details_ViewController.swift */,
				ADB1F6F1203F708A00F09BF5 /* ComeToMeViewController.swift */,
				FCC458382045C6B900A89CDE /* MainVC.swift */,
				FC9FB3632045F69200A3B508 /* DonationVC.swift */,
				FC9FB36E2047223400A3B508 /* BranchListVC.swift */,
			);
			path = controllers;
			sourceTree = "<group>";
		};
		ADB9EC48203E0B6900457A61 /* basecontroller */ = {
			isa = PBXGroup;
			children = (
				9A99C895203C93FA0057D607 /* BaseViewController.swift */,
			);
			path = basecontroller;
			sourceTree = "<group>";
		};
		ADB9EC4B203E0CBA00457A61 /* models */ = {
			isa = PBXGroup;
			children = (
				AD3A6C362041C1FF0004C825 /* CoreDataModel.swift */,
				FC9FB36C2047196500A3B508 /* Branch.swift */,
			);
			path = models;
			sourceTree = "<group>";
		};
		ADB9EC4C203E2CFB00457A61 /* supportLibraries */ = {
			isa = PBXGroup;
			children = (
				FCC458362045B5D300A89CDE /* GifImageView.swift */,
			);
			path = supportLibraries;
			sourceTree = "<group>";
		};
		FC9FB36520470E9900A3B508 /* customViews */ = {
			isa = PBXGroup;
			children = (
				FC9FB36620470F3F00A3B508 /* BranchCell.swift */,
			);
			path = customViews;
			sourceTree = "<group>";
		};
		FC9FB3682047101E00A3B508 /* utils */ = {
			isa = PBXGroup;
			children = (
				FC9FB3692047102D00A3B508 /* Methods.swift */,
			);
			path = utils;
			sourceTree = "<group>";
		};
/* End PBXGroup section */

/* Begin PBXNativeTarget section */
		9A99C88F203C93FA0057D607 /* BOZ */ = {
			isa = PBXNativeTarget;
			buildConfigurationList = 9A99C8BB203C93FA0057D607 /* Build configuration list for PBXNativeTarget "BOZ" */;
			buildPhases = (
				9A99C88C203C93FA0057D607 /* Sources */,
				9A99C88D203C93FA0057D607 /* Frameworks */,
				9A99C88E203C93FA0057D607 /* Resources */,
			);
			buildRules = (
			);
			dependencies = (
			);
			name = BOZ;
			productName = BOZ;
			productReference = 9A99C890203C93FA0057D607 /* BOZ.app */;
			productType = "com.apple.product-type.application";
		};
		9A99C8A6203C93FA0057D607 /* BOZTests */ = {
			isa = PBXNativeTarget;
			buildConfigurationList = 9A99C8BE203C93FA0057D607 /* Build configuration list for PBXNativeTarget "BOZTests" */;
			buildPhases = (
				9A99C8A3203C93FA0057D607 /* Sources */,
				9A99C8A4203C93FA0057D607 /* Frameworks */,
				9A99C8A5203C93FA0057D607 /* Resources */,
			);
			buildRules = (
			);
			dependencies = (
				9A99C8A9203C93FA0057D607 /* PBXTargetDependency */,
			);
			name = BOZTests;
			productName = BOZTests;
			productReference = 9A99C8A7203C93FA0057D607 /* BOZTests.xctest */;
			productType = "com.apple.product-type.bundle.unit-test";
		};
		9A99C8B1203C93FA0057D607 /* BOZUITests */ = {
			isa = PBXNativeTarget;
			buildConfigurationList = 9A99C8C1203C93FA0057D607 /* Build configuration list for PBXNativeTarget "BOZUITests" */;
			buildPhases = (
				9A99C8AE203C93FA0057D607 /* Sources */,
				9A99C8AF203C93FA0057D607 /* Frameworks */,
				9A99C8B0203C93FA0057D607 /* Resources */,
			);
			buildRules = (
			);
			dependencies = (
				9A99C8B4203C93FA0057D607 /* PBXTargetDependency */,
			);
			name = BOZUITests;
			productName = BOZUITests;
			productReference = 9A99C8B2203C93FA0057D607 /* BOZUITests.xctest */;
			productType = "com.apple.product-type.bundle.ui-testing";
		};
/* End PBXNativeTarget section */

/* Begin PBXProject section */
		9A99C888203C93FA0057D607 /* Project object */ = {
			isa = PBXProject;
			attributes = {
				LastSwiftUpdateCheck = 0920;
				LastUpgradeCheck = 0920;
				ORGANIZATIONNAME = Ovadia;
				TargetAttributes = {
					9A99C88F203C93FA0057D607 = {
						CreatedOnToolsVersion = 9.2;
						ProvisioningStyle = Automatic;
					};
					9A99C8A6203C93FA0057D607 = {
						CreatedOnToolsVersion = 9.2;
						ProvisioningStyle = Automatic;
						TestTargetID = 9A99C88F203C93FA0057D607;
					};
					9A99C8B1203C93FA0057D607 = {
						CreatedOnToolsVersion = 9.2;
						ProvisioningStyle = Automatic;
						TestTargetID = 9A99C88F203C93FA0057D607;
					};
				};
			};
			buildConfigurationList = 9A99C88B203C93FA0057D607 /* Build configuration list for PBXProject "BOZ" */;
			compatibilityVersion = "Xcode 8.0";
			developmentRegion = en;
			hasScannedForEncodings = 0;
			knownRegions = (
				en,
				Base,
			);
			mainGroup = 9A99C887203C93FA0057D607;
			productRefGroup = 9A99C891203C93FA0057D607 /* Products */;
			projectDirPath = "";
			projectRoot = "";
			targets = (
				9A99C88F203C93FA0057D607 /* BOZ */,
				9A99C8A6203C93FA0057D607 /* BOZTests */,
				9A99C8B1203C93FA0057D607 /* BOZUITests */,
			);
		};
/* End PBXProject section */

/* Begin PBXResourcesBuildPhase section */
		9A99C88E203C93FA0057D607 /* Resources */ = {
			isa = PBXResourcesBuildPhase;
			buildActionMask = 2147483647;
			files = (
				9A99C8A1203C93FA0057D607 /* LaunchScreen.storyboard in Resources */,
				ADB9EC52203E310A00457A61 /* logo.gif in Resources */,
				9A99C89E203C93FA0057D607 /* Assets.xcassets in Resources */,
				9A99C899203C93FA0057D607 /* Main.storyboard in Resources */,
			);
			runOnlyForDeploymentPostprocessing = 0;
		};
		9A99C8A5203C93FA0057D607 /* Resources */ = {
			isa = PBXResourcesBuildPhase;
			buildActionMask = 2147483647;
			files = (
			);
			runOnlyForDeploymentPostprocessing = 0;
		};
		9A99C8B0203C93FA0057D607 /* Resources */ = {
			isa = PBXResourcesBuildPhase;
			buildActionMask = 2147483647;
			files = (
			);
			runOnlyForDeploymentPostprocessing = 0;
		};
/* End PBXResourcesBuildPhase section */

/* Begin PBXSourcesBuildPhase section */
		9A99C88C203C93FA0057D607 /* Sources */ = {
			isa = PBXSourcesBuildPhase;
			buildActionMask = 2147483647;
			files = (
				9A99C89C203C93FA0057D607 /* BOZ.xcdatamodeld in Sources */,
				FCC458392045C6B900A89CDE /* MainVC.swift in Sources */,
				FCC458372045B5D300A89CDE /* GifImageView.swift in Sources */,
				AD8C1E6C203F0A2C0006BFC5 /* Web2HelpViewController.swift in Sources */,
				FC9FB36F2047223500A3B508 /* BranchListVC.swift in Sources */,
				AD3A6C372041C1FF0004C825 /* CoreDataModel.swift in Sources */,
				ADC9823E203F2F74004BD58B /* AboutViewController.swift in Sources */,
				AD2AFD7E203F3F77006B93A5 /* QuickDonationViewController.swift in Sources */,
				AD81FFB920407495001CBFDA /* MilkSubst.swift in Sources */,
				FC9FB36A2047102D00A3B508 /* Methods.swift in Sources */,
				ADF30ACC203F58D000839FF2 /* TakeFromMe1_Details_ViewController.swift in Sources */,
				AD81FFBB2040756B001CBFDA /* ApiClient.swift in Sources */,
				9A99C896203C93FA0057D607 /* BaseViewController.swift in Sources */,
				9A99C894203C93FA0057D607 /* AppDelegate.swift in Sources */,
				FC9FB36D2047196500A3B508 /* Branch.swift in Sources */,
				ADB9EC4A203E0BDC00457A61 /* MainViewController.swift in Sources */,
				AD81FFB4204067A2001CBFDA /* ProductListViewController.swift in Sources */,
				AD81FFB620406FEE001CBFDA /* ProductCollectionViewCell.swift in Sources */,
				FC9FB36720470F3F00A3B508 /* BranchCell.swift in Sources */,
				AD81FFBD20407706001CBFDA /* DataStore.swift in Sources */,
				FC9FB3642045F69200A3B508 /* DonationVC.swift in Sources */,
				ADB1F6F2203F708A00F09BF5 /* ComeToMeViewController.swift in Sources */,
			);
			runOnlyForDeploymentPostprocessing = 0;
		};
		9A99C8A3203C93FA0057D607 /* Sources */ = {
			isa = PBXSourcesBuildPhase;
			buildActionMask = 2147483647;
			files = (
				9A99C8AC203C93FA0057D607 /* BOZTests.swift in Sources */,
			);
			runOnlyForDeploymentPostprocessing = 0;
		};
		9A99C8AE203C93FA0057D607 /* Sources */ = {
			isa = PBXSourcesBuildPhase;
			buildActionMask = 2147483647;
			files = (
				9A99C8B7203C93FA0057D607 /* BOZUITests.swift in Sources */,
			);
			runOnlyForDeploymentPostprocessing = 0;
		};
/* End PBXSourcesBuildPhase section */

/* Begin PBXTargetDependency section */
		9A99C8A9203C93FA0057D607 /* PBXTargetDependency */ = {
			isa = PBXTargetDependency;
			target = 9A99C88F203C93FA0057D607 /* BOZ */;
			targetProxy = 9A99C8A8203C93FA0057D607 /* PBXContainerItemProxy */;
		};
		9A99C8B4203C93FA0057D607 /* PBXTargetDependency */ = {
			isa = PBXTargetDependency;
			target = 9A99C88F203C93FA0057D607 /* BOZ */;
			targetProxy = 9A99C8B3203C93FA0057D607 /* PBXContainerItemProxy */;
		};
/* End PBXTargetDependency section */

/* Begin PBXVariantGroup section */
		9A99C897203C93FA0057D607 /* Main.storyboard */ = {
			isa = PBXVariantGroup;
			children = (
				9A99C898203C93FA0057D607 /* Base */,
			);
			name = Main.storyboard;
			sourceTree = "<group>";
		};
		9A99C89F203C93FA0057D607 /* LaunchScreen.storyboard */ = {
			isa = PBXVariantGroup;
			children = (
				9A99C8A0203C93FA0057D607 /* Base */,
			);
			name = LaunchScreen.storyboard;
			sourceTree = "<group>";
		};
/* End PBXVariantGroup section */

/* Begin XCBuildConfiguration section */
		9A99C8B9203C93FA0057D607 /* Debug */ = {
			isa = XCBuildConfiguration;
			buildSettings = {
				ALWAYS_SEARCH_USER_PATHS = NO;
				CLANG_ANALYZER_NONNULL = YES;
				CLANG_ANALYZER_NUMBER_OBJECT_CONVERSION = YES_AGGRESSIVE;
				CLANG_CXX_LANGUAGE_STANDARD = "gnu++14";
				CLANG_CXX_LIBRARY = "libc++";
				CLANG_ENABLE_MODULES = YES;
				CLANG_ENABLE_OBJC_ARC = YES;
				CLANG_WARN_BLOCK_CAPTURE_AUTORELEASING = YES;
				CLANG_WARN_BOOL_CONVERSION = YES;
				CLANG_WARN_COMMA = YES;
				CLANG_WARN_CONSTANT_CONVERSION = YES;
				CLANG_WARN_DIRECT_OBJC_ISA_USAGE = YES_ERROR;
				CLANG_WARN_DOCUMENTATION_COMMENTS = YES;
				CLANG_WARN_EMPTY_BODY = YES;
				CLANG_WARN_ENUM_CONVERSION = YES;
				CLANG_WARN_INFINITE_RECURSION = YES;
				CLANG_WARN_INT_CONVERSION = YES;
				CLANG_WARN_NON_LITERAL_NULL_CONVERSION = YES;
				CLANG_WARN_OBJC_LITERAL_CONVERSION = YES;
				CLANG_WARN_OBJC_ROOT_CLASS = YES_ERROR;
				CLANG_WARN_RANGE_LOOP_ANALYSIS = YES;
				CLANG_WARN_STRICT_PROTOTYPES = YES;
				CLANG_WARN_SUSPICIOUS_MOVE = YES;
				CLANG_WARN_UNGUARDED_AVAILABILITY = YES_AGGRESSIVE;
				CLANG_WARN_UNREACHABLE_CODE = YES;
				CLANG_WARN__DUPLICATE_METHOD_MATCH = YES;
				CODE_SIGN_IDENTITY = "iPhone Developer";
				COPY_PHASE_STRIP = NO;
				DEBUG_INFORMATION_FORMAT = dwarf;
				ENABLE_STRICT_OBJC_MSGSEND = YES;
				ENABLE_TESTABILITY = YES;
				GCC_C_LANGUAGE_STANDARD = gnu11;
				GCC_DYNAMIC_NO_PIC = NO;
				GCC_NO_COMMON_BLOCKS = YES;
				GCC_OPTIMIZATION_LEVEL = 0;
				GCC_PREPROCESSOR_DEFINITIONS = (
					"DEBUG=1",
					"$(inherited)",
				);
				GCC_WARN_64_TO_32_BIT_CONVERSION = YES;
				GCC_WARN_ABOUT_RETURN_TYPE = YES_ERROR;
				GCC_WARN_UNDECLARED_SELECTOR = YES;
				GCC_WARN_UNINITIALIZED_AUTOS = YES_AGGRESSIVE;
				GCC_WARN_UNUSED_FUNCTION = YES;
				GCC_WARN_UNUSED_VARIABLE = YES;
				IPHONEOS_DEPLOYMENT_TARGET = 11.2;
				MTL_ENABLE_DEBUG_INFO = YES;
				ONLY_ACTIVE_ARCH = YES;
				SDKROOT = iphoneos;
				SWIFT_ACTIVE_COMPILATION_CONDITIONS = DEBUG;
				SWIFT_OPTIMIZATION_LEVEL = "-Onone";
			};
			name = Debug;
		};
		9A99C8BA203C93FA0057D607 /* Release */ = {
			isa = XCBuildConfiguration;
			buildSettings = {
				ALWAYS_SEARCH_USER_PATHS = NO;
				CLANG_ANALYZER_NONNULL = YES;
				CLANG_ANALYZER_NUMBER_OBJECT_CONVERSION = YES_AGGRESSIVE;
				CLANG_CXX_LANGUAGE_STANDARD = "gnu++14";
				CLANG_CXX_LIBRARY = "libc++";
				CLANG_ENABLE_MODULES = YES;
				CLANG_ENABLE_OBJC_ARC = YES;
				CLANG_WARN_BLOCK_CAPTURE_AUTORELEASING = YES;
				CLANG_WARN_BOOL_CONVERSION = YES;
				CLANG_WARN_COMMA = YES;
				CLANG_WARN_CONSTANT_CONVERSION = YES;
				CLANG_WARN_DIRECT_OBJC_ISA_USAGE = YES_ERROR;
				CLANG_WARN_DOCUMENTATION_COMMENTS = YES;
				CLANG_WARN_EMPTY_BODY = YES;
				CLANG_WARN_ENUM_CONVERSION = YES;
				CLANG_WARN_INFINITE_RECURSION = YES;
				CLANG_WARN_INT_CONVERSION = YES;
				CLANG_WARN_NON_LITERAL_NULL_CONVERSION = YES;
				CLANG_WARN_OBJC_LITERAL_CONVERSION = YES;
				CLANG_WARN_OBJC_ROOT_CLASS = YES_ERROR;
				CLANG_WARN_RANGE_LOOP_ANALYSIS = YES;
				CLANG_WARN_STRICT_PROTOTYPES = YES;
				CLANG_WARN_SUSPICIOUS_MOVE = YES;
				CLANG_WARN_UNGUARDED_AVAILABILITY = YES_AGGRESSIVE;
				CLANG_WARN_UNREACHABLE_CODE = YES;
				CLANG_WARN__DUPLICATE_METHOD_MATCH = YES;
				CODE_SIGN_IDENTITY = "iPhone Developer";
				COPY_PHASE_STRIP = NO;
				DEBUG_INFORMATION_FORMAT = "dwarf-with-dsym";
				ENABLE_NS_ASSERTIONS = NO;
				ENABLE_STRICT_OBJC_MSGSEND = YES;
				GCC_C_LANGUAGE_STANDARD = gnu11;
				GCC_NO_COMMON_BLOCKS = YES;
				GCC_WARN_64_TO_32_BIT_CONVERSION = YES;
				GCC_WARN_ABOUT_RETURN_TYPE = YES_ERROR;
				GCC_WARN_UNDECLARED_SELECTOR = YES;
				GCC_WARN_UNINITIALIZED_AUTOS = YES_AGGRESSIVE;
				GCC_WARN_UNUSED_FUNCTION = YES;
				GCC_WARN_UNUSED_VARIABLE = YES;
				IPHONEOS_DEPLOYMENT_TARGET = 11.2;
				MTL_ENABLE_DEBUG_INFO = NO;
				SDKROOT = iphoneos;
				SWIFT_OPTIMIZATION_LEVEL = "-Owholemodule";
				VALIDATE_PRODUCT = YES;
			};
			name = Release;
		};
		9A99C8BC203C93FA0057D607 /* Debug */ = {
			isa = XCBuildConfiguration;
			buildSettings = {
				ASSETCATALOG_COMPILER_APPICON_NAME = AppIcon;
				CODE_SIGN_STYLE = Automatic;
				DEVELOPMENT_TEAM = 94A5KG8Q6V;
				INFOPLIST_FILE = BOZ/Info.plist;
				LD_RUNPATH_SEARCH_PATHS = "$(inherited) @executable_path/Frameworks";
				PRODUCT_BUNDLE_IDENTIFIER = com.ovadia.BOZ;
				PRODUCT_NAME = "$(TARGET_NAME)";
				SWIFT_VERSION = 4.0;
				TARGETED_DEVICE_FAMILY = "1,2";
			};
			name = Debug;
		};
		9A99C8BD203C93FA0057D607 /* Release */ = {
			isa = XCBuildConfiguration;
			buildSettings = {
				ASSETCATALOG_COMPILER_APPICON_NAME = AppIcon;
				CODE_SIGN_STYLE = Automatic;
				DEVELOPMENT_TEAM = 94A5KG8Q6V;
				INFOPLIST_FILE = BOZ/Info.plist;
				LD_RUNPATH_SEARCH_PATHS = "$(inherited) @executable_path/Frameworks";
				PRODUCT_BUNDLE_IDENTIFIER = com.ovadia.BOZ;
				PRODUCT_NAME = "$(TARGET_NAME)";
				SWIFT_VERSION = 4.0;
				TARGETED_DEVICE_FAMILY = "1,2";
			};
			name = Release;
		};
		9A99C8BF203C93FA0057D607 /* Debug */ = {
			isa = XCBuildConfiguration;
			buildSettings = {
				ALWAYS_EMBED_SWIFT_STANDARD_LIBRARIES = YES;
				BUNDLE_LOADER = "$(TEST_HOST)";
				CODE_SIGN_STYLE = Automatic;
				INFOPLIST_FILE = BOZTests/Info.plist;
				LD_RUNPATH_SEARCH_PATHS = "$(inherited) @executable_path/Frameworks @loader_path/Frameworks";
				PRODUCT_BUNDLE_IDENTIFIER = com.ovadia.BOZTests;
				PRODUCT_NAME = "$(TARGET_NAME)";
				SWIFT_VERSION = 4.0;
				TARGETED_DEVICE_FAMILY = "1,2";
				TEST_HOST = "$(BUILT_PRODUCTS_DIR)/BOZ.app/BOZ";
			};
			name = Debug;
		};
		9A99C8C0203C93FA0057D607 /* Release */ = {
			isa = XCBuildConfiguration;
			buildSettings = {
				ALWAYS_EMBED_SWIFT_STANDARD_LIBRARIES = YES;
				BUNDLE_LOADER = "$(TEST_HOST)";
				CODE_SIGN_STYLE = Automatic;
				INFOPLIST_FILE = BOZTests/Info.plist;
				LD_RUNPATH_SEARCH_PATHS = "$(inherited) @executable_path/Frameworks @loader_path/Frameworks";
				PRODUCT_BUNDLE_IDENTIFIER = com.ovadia.BOZTests;
				PRODUCT_NAME = "$(TARGET_NAME)";
				SWIFT_VERSION = 4.0;
				TARGETED_DEVICE_FAMILY = "1,2";
				TEST_HOST = "$(BUILT_PRODUCTS_DIR)/BOZ.app/BOZ";
			};
			name = Release;
		};
		9A99C8C2203C93FA0057D607 /* Debug */ = {
			isa = XCBuildConfiguration;
			buildSettings = {
				ALWAYS_EMBED_SWIFT_STANDARD_LIBRARIES = YES;
				CODE_SIGN_STYLE = Automatic;
				INFOPLIST_FILE = BOZUITests/Info.plist;
				LD_RUNPATH_SEARCH_PATHS = "$(inherited) @executable_path/Frameworks @loader_path/Frameworks";
				PRODUCT_BUNDLE_IDENTIFIER = com.ovadia.BOZUITests;
				PRODUCT_NAME = "$(TARGET_NAME)";
				SWIFT_VERSION = 4.0;
				TARGETED_DEVICE_FAMILY = "1,2";
				TEST_TARGET_NAME = BOZ;
			};
			name = Debug;
		};
		9A99C8C3203C93FA0057D607 /* Release */ = {
			isa = XCBuildConfiguration;
			buildSettings = {
				ALWAYS_EMBED_SWIFT_STANDARD_LIBRARIES = YES;
				CODE_SIGN_STYLE = Automatic;
				INFOPLIST_FILE = BOZUITests/Info.plist;
				LD_RUNPATH_SEARCH_PATHS = "$(inherited) @executable_path/Frameworks @loader_path/Frameworks";
				PRODUCT_BUNDLE_IDENTIFIER = com.ovadia.BOZUITests;
				PRODUCT_NAME = "$(TARGET_NAME)";
				SWIFT_VERSION = 4.0;
				TARGETED_DEVICE_FAMILY = "1,2";
				TEST_TARGET_NAME = BOZ;
			};
			name = Release;
		};
/* End XCBuildConfiguration section */

/* Begin XCConfigurationList section */
		9A99C88B203C93FA0057D607 /* Build configuration list for PBXProject "BOZ" */ = {
			isa = XCConfigurationList;
			buildConfigurations = (
				9A99C8B9203C93FA0057D607 /* Debug */,
				9A99C8BA203C93FA0057D607 /* Release */,
			);
			defaultConfigurationIsVisible = 0;
			defaultConfigurationName = Release;
		};
		9A99C8BB203C93FA0057D607 /* Build configuration list for PBXNativeTarget "BOZ" */ = {
			isa = XCConfigurationList;
			buildConfigurations = (
				9A99C8BC203C93FA0057D607 /* Debug */,
				9A99C8BD203C93FA0057D607 /* Release */,
			);
			defaultConfigurationIsVisible = 0;
			defaultConfigurationName = Release;
		};
		9A99C8BE203C93FA0057D607 /* Build configuration list for PBXNativeTarget "BOZTests" */ = {
			isa = XCConfigurationList;
			buildConfigurations = (
				9A99C8BF203C93FA0057D607 /* Debug */,
				9A99C8C0203C93FA0057D607 /* Release */,
			);
			defaultConfigurationIsVisible = 0;
			defaultConfigurationName = Release;
		};
		9A99C8C1203C93FA0057D607 /* Build configuration list for PBXNativeTarget "BOZUITests" */ = {
			isa = XCConfigurationList;
			buildConfigurations = (
				9A99C8C2203C93FA0057D607 /* Debug */,
				9A99C8C3203C93FA0057D607 /* Release */,
			);
			defaultConfigurationIsVisible = 0;
			defaultConfigurationName = Release;
		};
/* End XCConfigurationList section */

/* Begin XCVersionGroup section */
		9A99C89A203C93FA0057D607 /* BOZ.xcdatamodeld */ = {
			isa = XCVersionGroup;
			children = (
				9A99C89B203C93FA0057D607 /* BOZ.xcdatamodel */,
			);
			currentVersion = 9A99C89B203C93FA0057D607 /* BOZ.xcdatamodel */;
			path = BOZ.xcdatamodeld;
			sourceTree = "<group>";
			versionGroupType = wrapper.xcdatamodel;
		};
/* End XCVersionGroup section */
	};
	rootObject = 9A99C888203C93FA0057D607 /* Project object */;
}
