// !$*UTF8*$!
{
	archiveVersion = 1;
	classes = {
	};
	objectVersion = 48;
	objects = {

/* Begin PBXBuildFile section */
		6D0B84C72057C361007FE670 /* Data1.swift in Sources */ = {isa = PBXBuildFile; fileRef = 6D0B84C62057C361007FE670 /* Data1.swift */; };
		7BBB0EC420B9959A00643B58 /* getAllEmployees.swift in Sources */ = {isa = PBXBuildFile; fileRef = 7BBB0EC320B9959A00643B58 /* getAllEmployees.swift */; };
		82D92A8D8665A59C66E4D45C /* Pods_BOZ.framework in Frameworks */ = {isa = PBXBuildFile; fileRef = E56D87A6385A089C9D413F05 /* Pods_BOZ.framework */; };
		9A121A7E2059A4BA00B6368C /* HelplessVC.swift in Sources */ = {isa = PBXBuildFile; fileRef = 9A121A7D2059A4BA00B6368C /* HelplessVC.swift */; };
		9A5A6AAC20B6E3A100B220D6 /* deleteTask.swift in Sources */ = {isa = PBXBuildFile; fileRef = 9A5A6AAB20B6E3A100B220D6 /* deleteTask.swift */; };
		9A99C894203C93FA0057D607 /* AppDelegate.swift in Sources */ = {isa = PBXBuildFile; fileRef = 9A99C893203C93FA0057D607 /* AppDelegate.swift */; };
		9A99C896203C93FA0057D607 /* BaseViewController.swift in Sources */ = {isa = PBXBuildFile; fileRef = 9A99C895203C93FA0057D607 /* BaseViewController.swift */; };
		9A99C899203C93FA0057D607 /* Main.storyboard in Resources */ = {isa = PBXBuildFile; fileRef = 9A99C897203C93FA0057D607 /* Main.storyboard */; };
		9A99C89C203C93FA0057D607 /* BOZ.xcdatamodeld in Sources */ = {isa = PBXBuildFile; fileRef = 9A99C89A203C93FA0057D607 /* BOZ.xcdatamodeld */; };
		9A99C89E203C93FA0057D607 /* Assets.xcassets in Resources */ = {isa = PBXBuildFile; fileRef = 9A99C89D203C93FA0057D607 /* Assets.xcassets */; };
		9A99C8A1203C93FA0057D607 /* LaunchScreen.storyboard in Resources */ = {isa = PBXBuildFile; fileRef = 9A99C89F203C93FA0057D607 /* LaunchScreen.storyboard */; };
		9A99C8AC203C93FA0057D607 /* BOZTests.swift in Sources */ = {isa = PBXBuildFile; fileRef = 9A99C8AB203C93FA0057D607 /* BOZTests.swift */; };
		9A99C8B7203C93FA0057D607 /* BOZUITests.swift in Sources */ = {isa = PBXBuildFile; fileRef = 9A99C8B6203C93FA0057D607 /* BOZUITests.swift */; };
		9AA126CF205D490C0044B832 /* DonationCellController.swift in Sources */ = {isa = PBXBuildFile; fileRef = 9AA126CE205D490C0044B832 /* DonationCellController.swift */; };
		9AA2B38E20508CE60042E03E /* FamilyAprovalController.swift in Sources */ = {isa = PBXBuildFile; fileRef = 9AA2B38D20508CE60042E03E /* FamilyAprovalController.swift */; };
		9AA2B39020508E030042E03E /* SystemChangesController.swift in Sources */ = {isa = PBXBuildFile; fileRef = 9AA2B38F20508E030042E03E /* SystemChangesController.swift */; };
		9AD673FF20BABE4500A19FBC /* ToScannerVC.swift in Sources */ = {isa = PBXBuildFile; fileRef = 9AD673FE20BABE4500A19FBC /* ToScannerVC.swift */; };
		9AFB82A82057F5A30099ABD5 /* BarCodeScannerController.swift in Sources */ = {isa = PBXBuildFile; fileRef = 9AFB82A72057F5A30099ABD5 /* BarCodeScannerController.swift */; };
		AD02E8D5204E93D5004D8DFC /* push.swift in Sources */ = {isa = PBXBuildFile; fileRef = AD02E8D4204E93D5004D8DFC /* push.swift */; };
		AD02E8D7204EA500004D8DFC /* Login_Push_Init.swift in Sources */ = {isa = PBXBuildFile; fileRef = AD02E8D6204EA500004D8DFC /* Login_Push_Init.swift */; };
		AD2AFD7E203F3F77006B93A5 /* QuickDonationViewController.swift in Sources */ = {isa = PBXBuildFile; fileRef = AD2AFD7D203F3F77006B93A5 /* QuickDonationViewController.swift */; };
		AD3A6C372041C1FF0004C825 /* CoreDataModel.swift in Sources */ = {isa = PBXBuildFile; fileRef = AD3A6C362041C1FF0004C825 /* CoreDataModel.swift */; };
		AD420EFE2091E526006FC183 /* DistributerCell.swift in Sources */ = {isa = PBXBuildFile; fileRef = AD420EFD2091E526006FC183 /* DistributerCell.swift */; };
		AD5105C8208C5B45003FFA66 /* StorageNC.swift in Sources */ = {isa = PBXBuildFile; fileRef = AD5105C7208C5B45003FFA66 /* StorageNC.swift */; };
		AD52B66220AF08D0007F8711 /* PakageDetailsVC.swift in Sources */ = {isa = PBXBuildFile; fileRef = AD52B66120AF08D0007F8711 /* PakageDetailsVC.swift */; };
		AD52B66420AF231A007F8711 /* PakageCell.swift in Sources */ = {isa = PBXBuildFile; fileRef = AD52B66320AF231A007F8711 /* PakageCell.swift */; };
		AD5B0315205DE5D900E740FE /* Package.swift in Sources */ = {isa = PBXBuildFile; fileRef = AD5B0314205DE5D900E740FE /* Package.swift */; };
		AD6C475B204F474600C9A115 /* DistributerVC.swift in Sources */ = {isa = PBXBuildFile; fileRef = AD6C475A204F474600C9A115 /* DistributerVC.swift */; };
		AD6C475D204F476200C9A115 /* StorageVC.swift in Sources */ = {isa = PBXBuildFile; fileRef = AD6C475C204F476200C9A115 /* StorageVC.swift */; };
		AD6C475F204F477500C9A115 /* AdminVC.swift in Sources */ = {isa = PBXBuildFile; fileRef = AD6C475E204F477500C9A115 /* AdminVC.swift */; };
		AD706D622097006600AAFBEC /* waitingToDelivery.swift in Sources */ = {isa = PBXBuildFile; fileRef = AD706D612097006600AAFBEC /* waitingToDelivery.swift */; };
		AD706D642097007E00AAFBEC /* myTasks.swift in Sources */ = {isa = PBXBuildFile; fileRef = AD706D632097007E00AAFBEC /* myTasks.swift */; };
		AD81FFB4204067A2001CBFDA /* ProductListViewController.swift in Sources */ = {isa = PBXBuildFile; fileRef = AD81FFB3204067A2001CBFDA /* ProductListViewController.swift */; };
		AD81FFB620406FEE001CBFDA /* ProductCollectionViewCell.swift in Sources */ = {isa = PBXBuildFile; fileRef = AD81FFB520406FEE001CBFDA /* ProductCollectionViewCell.swift */; };
		AD81FFB920407495001CBFDA /* MilkSubst.swift in Sources */ = {isa = PBXBuildFile; fileRef = AD81FFB820407495001CBFDA /* MilkSubst.swift */; };
		AD81FFBB2040756B001CBFDA /* ApiClient.swift in Sources */ = {isa = PBXBuildFile; fileRef = AD81FFBA2040756B001CBFDA /* ApiClient.swift */; };
		AD81FFBD20407706001CBFDA /* DataStore.swift in Sources */ = {isa = PBXBuildFile; fileRef = AD81FFBC20407706001CBFDA /* DataStore.swift */; };
		AD89F4AD2057230D00E96174 /* jsonMilkSubst.swift in Sources */ = {isa = PBXBuildFile; fileRef = AD89F4AC2057230D00E96174 /* jsonMilkSubst.swift */; };
		AD8C1E6C203F0A2C0006BFC5 /* Web2HelpViewController.swift in Sources */ = {isa = PBXBuildFile; fileRef = AD8C1E6B203F0A2C0006BFC5 /* Web2HelpViewController.swift */; };
		AD9B9735209CDD36002936AC /* updateTasks.swift in Sources */ = {isa = PBXBuildFile; fileRef = AD9B9734209CDD36002936AC /* updateTasks.swift */; };
		AD9DFBCC2052530B00E4FE5B /* CreateWorker.swift in Sources */ = {isa = PBXBuildFile; fileRef = AD9DFBCB2052530B00E4FE5B /* CreateWorker.swift */; };
		AD9DFBCE205259FC00E4FE5B /* GetUsers.swift in Sources */ = {isa = PBXBuildFile; fileRef = AD9DFBCD205259FC00E4FE5B /* GetUsers.swift */; };
		AD9DFBD120525E4800E4FE5B /* EnableUsers.swift in Sources */ = {isa = PBXBuildFile; fileRef = AD9DFBD020525E4800E4FE5B /* EnableUsers.swift */; };
		ADB9EC4A203E0BDC00457A61 /* MainViewController.swift in Sources */ = {isa = PBXBuildFile; fileRef = ADB9EC49203E0BDC00457A61 /* MainViewController.swift */; };
		ADB9EC52203E310A00457A61 /* logo.gif in Resources */ = {isa = PBXBuildFile; fileRef = ADB9EC51203E310A00457A61 /* logo.gif */; };
		ADBA26442074A960004B2639 /* HelplessNC.swift in Sources */ = {isa = PBXBuildFile; fileRef = ADBA26432074A960004B2639 /* HelplessNC.swift */; };
		ADC67FE5204DB54E009BD328 /* RegistrationViewController.swift in Sources */ = {isa = PBXBuildFile; fileRef = ADC67FE4204DB54E009BD328 /* RegistrationViewController.swift */; };
		ADC9823E203F2F74004BD58B /* AboutViewController.swift in Sources */ = {isa = PBXBuildFile; fileRef = ADC9823D203F2F74004BD58B /* AboutViewController.swift */; };
		ADCFBBAF2070A380009EB6E8 /* AdminNC.swift in Sources */ = {isa = PBXBuildFile; fileRef = ADCFBBAE2070A380009EB6E8 /* AdminNC.swift */; };
		ADCFBBB12070B1E8009EB6E8 /* DistributerNC.swift in Sources */ = {isa = PBXBuildFile; fileRef = ADCFBBB02070B1E8009EB6E8 /* DistributerNC.swift */; };
		ADF25C1B20B6A86C006613B4 /* DonationDetailsCell.swift in Sources */ = {isa = PBXBuildFile; fileRef = ADF25C1A20B6A86C006613B4 /* DonationDetailsCell.swift */; };
		ADF25C1D20B6A894006613B4 /* DonationDetailsVC.swift in Sources */ = {isa = PBXBuildFile; fileRef = ADF25C1C20B6A894006613B4 /* DonationDetailsVC.swift */; };
		ADFA43B02056787D00D164F5 /* TakeVC.swift in Sources */ = {isa = PBXBuildFile; fileRef = ADFA43AF2056787D00D164F5 /* TakeVC.swift */; };
		ADFA43B220567AB600D164F5 /* HoursVC.swift in Sources */ = {isa = PBXBuildFile; fileRef = ADFA43B120567AB600D164F5 /* HoursVC.swift */; };
		ADFA43B420567AD200D164F5 /* BarCodeVC.swift in Sources */ = {isa = PBXBuildFile; fileRef = ADFA43B320567AD200D164F5 /* BarCodeVC.swift */; };
		ADFA43B620567C8000D164F5 /* AddressVC.swift in Sources */ = {isa = PBXBuildFile; fileRef = ADFA43B520567C8000D164F5 /* AddressVC.swift */; };
		ADFA43B820568F1800D164F5 /* Constants.swift in Sources */ = {isa = PBXBuildFile; fileRef = ADFA43B720568F1800D164F5 /* Constants.swift */; };
		FC12A1F42052A51C002912AD /* CrewEditCVVC.swift in Sources */ = {isa = PBXBuildFile; fileRef = FC12A1F32052A51C002912AD /* CrewEditCVVC.swift */; };
		FC12A1F62052AC1A002912AD /* CrewCell.swift in Sources */ = {isa = PBXBuildFile; fileRef = FC12A1F52052AC1A002912AD /* CrewCell.swift */; };
		FC12A1F82052B1D1002912AD /* Crew.swift in Sources */ = {isa = PBXBuildFile; fileRef = FC12A1F72052B1D1002912AD /* Crew.swift */; };
		FC9FB3642045F69200A3B508 /* DonationVC.swift in Sources */ = {isa = PBXBuildFile; fileRef = FC9FB3632045F69200A3B508 /* DonationVC.swift */; };
		FC9FB36720470F3F00A3B508 /* BranchCell.swift in Sources */ = {isa = PBXBuildFile; fileRef = FC9FB36620470F3F00A3B508 /* BranchCell.swift */; };
		FC9FB36A2047102D00A3B508 /* Methods.swift in Sources */ = {isa = PBXBuildFile; fileRef = FC9FB3692047102D00A3B508 /* Methods.swift */; };
		FC9FB36D2047196500A3B508 /* Branch.swift in Sources */ = {isa = PBXBuildFile; fileRef = FC9FB36C2047196500A3B508 /* Branch.swift */; };
		FC9FB36F2047223500A3B508 /* BranchListCVVC.swift in Sources */ = {isa = PBXBuildFile; fileRef = FC9FB36E2047223400A3B508 /* BranchListCVVC.swift */; };
		FC9FB3722048670600A3B508 /* ProductListCVVC.swift in Sources */ = {isa = PBXBuildFile; fileRef = FC9FB3712048670600A3B508 /* ProductListCVVC.swift */; };
		FC9FB3762048864C00A3B508 /* DonationProduct.swift in Sources */ = {isa = PBXBuildFile; fileRef = FC9FB3752048864C00A3B508 /* DonationProduct.swift */; };
		FC9FB3782049904200A3B508 /* MyTextField.swift in Sources */ = {isa = PBXBuildFile; fileRef = FC9FB3772049904200A3B508 /* MyTextField.swift */; };
		FC9FB37A2049990F00A3B508 /* LoginVC.swift in Sources */ = {isa = PBXBuildFile; fileRef = FC9FB3792049990F00A3B508 /* LoginVC.swift */; };
		FCC458372045B5D300A89CDE /* GifImageView.swift in Sources */ = {isa = PBXBuildFile; fileRef = FCC458362045B5D300A89CDE /* GifImageView.swift */; };
		FCC458392045C6B900A89CDE /* MainVC.swift in Sources */ = {isa = PBXBuildFile; fileRef = FCC458382045C6B900A89CDE /* MainVC.swift */; };
/* End PBXBuildFile section */

/* Begin PBXContainerItemProxy section */
		9A99C8A8203C93FA0057D607 /* PBXContainerItemProxy */ = {
			isa = PBXContainerItemProxy;
			containerPortal = 9A99C888203C93FA0057D607 /* Project object */;
			proxyType = 1;
			remoteGlobalIDString = 9A99C88F203C93FA0057D607;
			remoteInfo = BOZ;
		};
		9A99C8B3203C93FA0057D607 /* PBXContainerItemProxy */ = {
			isa = PBXContainerItemProxy;
			containerPortal = 9A99C888203C93FA0057D607 /* Project object */;
			proxyType = 1;
			remoteGlobalIDString = 9A99C88F203C93FA0057D607;
			remoteInfo = BOZ;
		};
/* End PBXContainerItemProxy section */

/* Begin PBXFileReference section */
		6D0B84C62057C361007FE670 /* Data1.swift */ = {isa = PBXFileReference; lastKnownFileType = sourcecode.swift; path = Data1.swift; sourceTree = "<group>"; };
		7BBB0EC320B9959A00643B58 /* getAllEmployees.swift */ = {isa = PBXFileReference; lastKnownFileType = sourcecode.swift; path = getAllEmployees.swift; sourceTree = "<group>"; };
		989B71E47CDE8A953A937D13 /* Pods-BOZ.debug.xcconfig */ = {isa = PBXFileReference; includeInIndex = 1; lastKnownFileType = text.xcconfig; name = "Pods-BOZ.debug.xcconfig"; path = "Pods/Target Support Files/Pods-BOZ/Pods-BOZ.debug.xcconfig"; sourceTree = "<group>"; };
		9A121A7D2059A4BA00B6368C /* HelplessVC.swift */ = {isa = PBXFileReference; lastKnownFileType = sourcecode.swift; path = HelplessVC.swift; sourceTree = "<group>"; };
		9A5A6AAB20B6E3A100B220D6 /* deleteTask.swift */ = {isa = PBXFileReference; lastKnownFileType = sourcecode.swift; path = deleteTask.swift; sourceTree = "<group>"; };
		9A99C890203C93FA0057D607 /* BOZ.app */ = {isa = PBXFileReference; explicitFileType = wrapper.application; includeInIndex = 0; path = BOZ.app; sourceTree = BUILT_PRODUCTS_DIR; };
		9A99C893203C93FA0057D607 /* AppDelegate.swift */ = {isa = PBXFileReference; lastKnownFileType = sourcecode.swift; path = AppDelegate.swift; sourceTree = "<group>"; };
		9A99C895203C93FA0057D607 /* BaseViewController.swift */ = {isa = PBXFileReference; lastKnownFileType = sourcecode.swift; path = BaseViewController.swift; sourceTree = "<group>"; };
		9A99C898203C93FA0057D607 /* Base */ = {isa = PBXFileReference; lastKnownFileType = file.storyboard; name = Base; path = Base.lproj/Main.storyboard; sourceTree = "<group>"; };
		9A99C89B203C93FA0057D607 /* BOZ.xcdatamodel */ = {isa = PBXFileReference; lastKnownFileType = wrapper.xcdatamodel; path = BOZ.xcdatamodel; sourceTree = "<group>"; };
		9A99C89D203C93FA0057D607 /* Assets.xcassets */ = {isa = PBXFileReference; lastKnownFileType = folder.assetcatalog; path = Assets.xcassets; sourceTree = "<group>"; };
		9A99C8A0203C93FA0057D607 /* Base */ = {isa = PBXFileReference; lastKnownFileType = file.storyboard; name = Base; path = Base.lproj/LaunchScreen.storyboard; sourceTree = "<group>"; };
		9A99C8A2203C93FA0057D607 /* Info.plist */ = {isa = PBXFileReference; lastKnownFileType = text.plist.xml; path = Info.plist; sourceTree = "<group>"; };
		9A99C8A7203C93FA0057D607 /* BOZTests.xctest */ = {isa = PBXFileReference; explicitFileType = wrapper.cfbundle; includeInIndex = 0; path = BOZTests.xctest; sourceTree = BUILT_PRODUCTS_DIR; };
		9A99C8AB203C93FA0057D607 /* BOZTests.swift */ = {isa = PBXFileReference; lastKnownFileType = sourcecode.swift; path = BOZTests.swift; sourceTree = "<group>"; };
		9A99C8AD203C93FA0057D607 /* Info.plist */ = {isa = PBXFileReference; lastKnownFileType = text.plist.xml; path = Info.plist; sourceTree = "<group>"; };
		9A99C8B2203C93FA0057D607 /* BOZUITests.xctest */ = {isa = PBXFileReference; explicitFileType = wrapper.cfbundle; includeInIndex = 0; path = BOZUITests.xctest; sourceTree = BUILT_PRODUCTS_DIR; };
		9A99C8B6203C93FA0057D607 /* BOZUITests.swift */ = {isa = PBXFileReference; lastKnownFileType = sourcecode.swift; path = BOZUITests.swift; sourceTree = "<group>"; };
		9A99C8B8203C93FA0057D607 /* Info.plist */ = {isa = PBXFileReference; lastKnownFileType = text.plist.xml; path = Info.plist; sourceTree = "<group>"; };
		9AA126CE205D490C0044B832 /* DonationCellController.swift */ = {isa = PBXFileReference; lastKnownFileType = sourcecode.swift; path = DonationCellController.swift; sourceTree = "<group>"; };
		9AA2B38D20508CE60042E03E /* FamilyAprovalController.swift */ = {isa = PBXFileReference; lastKnownFileType = sourcecode.swift; path = FamilyAprovalController.swift; sourceTree = "<group>"; };
		9AA2B38F20508E030042E03E /* SystemChangesController.swift */ = {isa = PBXFileReference; lastKnownFileType = sourcecode.swift; path = SystemChangesController.swift; sourceTree = "<group>"; };
		9AD673FE20BABE4500A19FBC /* ToScannerVC.swift */ = {isa = PBXFileReference; lastKnownFileType = sourcecode.swift; path = ToScannerVC.swift; sourceTree = "<group>"; };
		9AFB82A72057F5A30099ABD5 /* BarCodeScannerController.swift */ = {isa = PBXFileReference; lastKnownFileType = sourcecode.swift; path = BarCodeScannerController.swift; sourceTree = "<group>"; };
		AD02E8D4204E93D5004D8DFC /* push.swift */ = {isa = PBXFileReference; lastKnownFileType = sourcecode.swift; path = push.swift; sourceTree = "<group>"; };
		AD02E8D6204EA500004D8DFC /* Login_Push_Init.swift */ = {isa = PBXFileReference; lastKnownFileType = sourcecode.swift; path = Login_Push_Init.swift; sourceTree = "<group>"; };
		AD2AFD7D203F3F77006B93A5 /* QuickDonationViewController.swift */ = {isa = PBXFileReference; lastKnownFileType = sourcecode.swift; path = QuickDonationViewController.swift; sourceTree = "<group>"; };
		AD3A6C362041C1FF0004C825 /* CoreDataModel.swift */ = {isa = PBXFileReference; lastKnownFileType = sourcecode.swift; path = CoreDataModel.swift; sourceTree = "<group>"; };
		AD420EFD2091E526006FC183 /* DistributerCell.swift */ = {isa = PBXFileReference; lastKnownFileType = sourcecode.swift; path = DistributerCell.swift; sourceTree = "<group>"; };
		AD5105C7208C5B45003FFA66 /* StorageNC.swift */ = {isa = PBXFileReference; lastKnownFileType = sourcecode.swift; path = StorageNC.swift; sourceTree = "<group>"; };
		AD52B66120AF08D0007F8711 /* PakageDetailsVC.swift */ = {isa = PBXFileReference; lastKnownFileType = sourcecode.swift; path = PakageDetailsVC.swift; sourceTree = "<group>"; };
		AD52B66320AF231A007F8711 /* PakageCell.swift */ = {isa = PBXFileReference; lastKnownFileType = sourcecode.swift; path = PakageCell.swift; sourceTree = "<group>"; };
		AD5B0314205DE5D900E740FE /* Package.swift */ = {isa = PBXFileReference; lastKnownFileType = sourcecode.swift; path = Package.swift; sourceTree = "<group>"; };
		AD6C475A204F474600C9A115 /* DistributerVC.swift */ = {isa = PBXFileReference; lastKnownFileType = sourcecode.swift; path = DistributerVC.swift; sourceTree = "<group>"; };
		AD6C475C204F476200C9A115 /* StorageVC.swift */ = {isa = PBXFileReference; lastKnownFileType = sourcecode.swift; path = StorageVC.swift; sourceTree = "<group>"; };
		AD6C475E204F477500C9A115 /* AdminVC.swift */ = {isa = PBXFileReference; lastKnownFileType = sourcecode.swift; path = AdminVC.swift; sourceTree = "<group>"; };
		AD706D612097006600AAFBEC /* waitingToDelivery.swift */ = {isa = PBXFileReference; lastKnownFileType = sourcecode.swift; path = waitingToDelivery.swift; sourceTree = "<group>"; };
		AD706D632097007E00AAFBEC /* myTasks.swift */ = {isa = PBXFileReference; lastKnownFileType = sourcecode.swift; path = myTasks.swift; sourceTree = "<group>"; };
		AD81FFB3204067A2001CBFDA /* ProductListViewController.swift */ = {isa = PBXFileReference; lastKnownFileType = sourcecode.swift; path = ProductListViewController.swift; sourceTree = "<group>"; };
		AD81FFB520406FEE001CBFDA /* ProductCollectionViewCell.swift */ = {isa = PBXFileReference; lastKnownFileType = sourcecode.swift; path = ProductCollectionViewCell.swift; sourceTree = "<group>"; };
		AD81FFB820407495001CBFDA /* MilkSubst.swift */ = {isa = PBXFileReference; lastKnownFileType = sourcecode.swift; path = MilkSubst.swift; sourceTree = "<group>"; };
		AD81FFBA2040756B001CBFDA /* ApiClient.swift */ = {isa = PBXFileReference; lastKnownFileType = sourcecode.swift; path = ApiClient.swift; sourceTree = "<group>"; };
		AD81FFBC20407706001CBFDA /* DataStore.swift */ = {isa = PBXFileReference; lastKnownFileType = sourcecode.swift; path = DataStore.swift; sourceTree = "<group>"; };
		AD89F4AC2057230D00E96174 /* jsonMilkSubst.swift */ = {isa = PBXFileReference; lastKnownFileType = sourcecode.swift; path = jsonMilkSubst.swift; sourceTree = "<group>"; };
		AD8C1E6B203F0A2C0006BFC5 /* Web2HelpViewController.swift */ = {isa = PBXFileReference; lastKnownFileType = sourcecode.swift; path = Web2HelpViewController.swift; sourceTree = "<group>"; };
		AD9B9734209CDD36002936AC /* updateTasks.swift */ = {isa = PBXFileReference; lastKnownFileType = sourcecode.swift; path = updateTasks.swift; sourceTree = "<group>"; };
		AD9DFBCB2052530B00E4FE5B /* CreateWorker.swift */ = {isa = PBXFileReference; lastKnownFileType = sourcecode.swift; path = CreateWorker.swift; sourceTree = "<group>"; };
		AD9DFBCD205259FC00E4FE5B /* GetUsers.swift */ = {isa = PBXFileReference; lastKnownFileType = sourcecode.swift; path = GetUsers.swift; sourceTree = "<group>"; };
		AD9DFBD020525E4800E4FE5B /* EnableUsers.swift */ = {isa = PBXFileReference; lastKnownFileType = sourcecode.swift; path = EnableUsers.swift; sourceTree = "<group>"; };
		ADB9EC49203E0BDC00457A61 /* MainViewController.swift */ = {isa = PBXFileReference; lastKnownFileType = sourcecode.swift; path = MainViewController.swift; sourceTree = "<group>"; };
		ADB9EC51203E310A00457A61 /* logo.gif */ = {isa = PBXFileReference; lastKnownFileType = image.gif; path = logo.gif; sourceTree = "<group>"; };
		ADBA26432074A960004B2639 /* HelplessNC.swift */ = {isa = PBXFileReference; lastKnownFileType = sourcecode.swift; path = HelplessNC.swift; sourceTree = "<group>"; };
		ADC67FE4204DB54E009BD328 /* RegistrationViewController.swift */ = {isa = PBXFileReference; lastKnownFileType = sourcecode.swift; path = RegistrationViewController.swift; sourceTree = "<group>"; };
		ADC9823D203F2F74004BD58B /* AboutViewController.swift */ = {isa = PBXFileReference; lastKnownFileType = sourcecode.swift; path = AboutViewController.swift; sourceTree = "<group>"; };
		ADCFBBAE2070A380009EB6E8 /* AdminNC.swift */ = {isa = PBXFileReference; lastKnownFileType = sourcecode.swift; path = AdminNC.swift; sourceTree = "<group>"; };
		ADCFBBB02070B1E8009EB6E8 /* DistributerNC.swift */ = {isa = PBXFileReference; lastKnownFileType = sourcecode.swift; path = DistributerNC.swift; sourceTree = "<group>"; };
		ADF25C1A20B6A86C006613B4 /* DonationDetailsCell.swift */ = {isa = PBXFileReference; lastKnownFileType = sourcecode.swift; path = DonationDetailsCell.swift; sourceTree = "<group>"; };
		ADF25C1C20B6A894006613B4 /* DonationDetailsVC.swift */ = {isa = PBXFileReference; lastKnownFileType = sourcecode.swift; path = DonationDetailsVC.swift; sourceTree = "<group>"; };
		ADFA43AF2056787D00D164F5 /* TakeVC.swift */ = {isa = PBXFileReference; lastKnownFileType = sourcecode.swift; path = TakeVC.swift; sourceTree = "<group>"; };
		ADFA43B120567AB600D164F5 /* HoursVC.swift */ = {isa = PBXFileReference; lastKnownFileType = sourcecode.swift; path = HoursVC.swift; sourceTree = "<group>"; };
		ADFA43B320567AD200D164F5 /* BarCodeVC.swift */ = {isa = PBXFileReference; lastKnownFileType = sourcecode.swift; path = BarCodeVC.swift; sourceTree = "<group>"; };
		ADFA43B520567C8000D164F5 /* AddressVC.swift */ = {isa = PBXFileReference; lastKnownFileType = sourcecode.swift; path = AddressVC.swift; sourceTree = "<group>"; };
		ADFA43B720568F1800D164F5 /* Constants.swift */ = {isa = PBXFileReference; lastKnownFileType = sourcecode.swift; path = Constants.swift; sourceTree = "<group>"; };
		B12BBA2B9D86DDF33FCA879C /* Pods_BOZUITests.framework */ = {isa = PBXFileReference; explicitFileType = wrapper.framework; includeInIndex = 0; path = Pods_BOZUITests.framework; sourceTree = BUILT_PRODUCTS_DIR; };
		C3385E772ACECB2377B52A22 /* Pods-BOZ.release.xcconfig */ = {isa = PBXFileReference; includeInIndex = 1; lastKnownFileType = text.xcconfig; name = "Pods-BOZ.release.xcconfig"; path = "Pods/Target Support Files/Pods-BOZ/Pods-BOZ.release.xcconfig"; sourceTree = "<group>"; };
		D62B66EA755D8BFBC5B5350A /* Pods_BOZTests.framework */ = {isa = PBXFileReference; explicitFileType = wrapper.framework; includeInIndex = 0; path = Pods_BOZTests.framework; sourceTree = BUILT_PRODUCTS_DIR; };
		E56D87A6385A089C9D413F05 /* Pods_BOZ.framework */ = {isa = PBXFileReference; explicitFileType = wrapper.framework; includeInIndex = 0; path = Pods_BOZ.framework; sourceTree = BUILT_PRODUCTS_DIR; };
		FC12A1F32052A51C002912AD /* CrewEditCVVC.swift */ = {isa = PBXFileReference; lastKnownFileType = sourcecode.swift; path = CrewEditCVVC.swift; sourceTree = "<group>"; };
		FC12A1F52052AC1A002912AD /* CrewCell.swift */ = {isa = PBXFileReference; lastKnownFileType = sourcecode.swift; path = CrewCell.swift; sourceTree = "<group>"; };
		FC12A1F72052B1D1002912AD /* Crew.swift */ = {isa = PBXFileReference; lastKnownFileType = sourcecode.swift; path = Crew.swift; sourceTree = "<group>"; };
		FC9FB3632045F69200A3B508 /* DonationVC.swift */ = {isa = PBXFileReference; lastKnownFileType = sourcecode.swift; path = DonationVC.swift; sourceTree = "<group>"; };
		FC9FB36620470F3F00A3B508 /* BranchCell.swift */ = {isa = PBXFileReference; lastKnownFileType = sourcecode.swift; path = BranchCell.swift; sourceTree = "<group>"; };
		FC9FB3692047102D00A3B508 /* Methods.swift */ = {isa = PBXFileReference; lastKnownFileType = sourcecode.swift; path = Methods.swift; sourceTree = "<group>"; };
		FC9FB36C2047196500A3B508 /* Branch.swift */ = {isa = PBXFileReference; lastKnownFileType = sourcecode.swift; path = Branch.swift; sourceTree = "<group>"; };
		FC9FB36E2047223400A3B508 /* BranchListCVVC.swift */ = {isa = PBXFileReference; lastKnownFileType = sourcecode.swift; path = BranchListCVVC.swift; sourceTree = "<group>"; };
		FC9FB3712048670600A3B508 /* ProductListCVVC.swift */ = {isa = PBXFileReference; lastKnownFileType = sourcecode.swift; path = ProductListCVVC.swift; sourceTree = "<group>"; };
		FC9FB3752048864C00A3B508 /* DonationProduct.swift */ = {isa = PBXFileReference; lastKnownFileType = sourcecode.swift; path = DonationProduct.swift; sourceTree = "<group>"; };
		FC9FB3772049904200A3B508 /* MyTextField.swift */ = {isa = PBXFileReference; lastKnownFileType = sourcecode.swift; path = MyTextField.swift; sourceTree = "<group>"; };
		FC9FB3792049990F00A3B508 /* LoginVC.swift */ = {isa = PBXFileReference; lastKnownFileType = sourcecode.swift; path = LoginVC.swift; sourceTree = "<group>"; };
		FCC458362045B5D300A89CDE /* GifImageView.swift */ = {isa = PBXFileReference; fileEncoding = 4; lastKnownFileType = sourcecode.swift; name = GifImageView.swift; path = ../GifImageView.swift; sourceTree = "<group>"; };
		FCC458382045C6B900A89CDE /* MainVC.swift */ = {isa = PBXFileReference; lastKnownFileType = sourcecode.swift; path = MainVC.swift; sourceTree = "<group>"; };
/* End PBXFileReference section */

/* Begin PBXFrameworksBuildPhase section */
		9A99C88D203C93FA0057D607 /* Frameworks */ = {
			isa = PBXFrameworksBuildPhase;
			buildActionMask = 2147483647;
			files = (
				82D92A8D8665A59C66E4D45C /* Pods_BOZ.framework in Frameworks */,
			);
			runOnlyForDeploymentPostprocessing = 0;
		};
		9A99C8A4203C93FA0057D607 /* Frameworks */ = {
			isa = PBXFrameworksBuildPhase;
			buildActionMask = 2147483647;
			files = (
			);
			runOnlyForDeploymentPostprocessing = 0;
		};
		9A99C8AF203C93FA0057D607 /* Frameworks */ = {
			isa = PBXFrameworksBuildPhase;
			buildActionMask = 2147483647;
			files = (
			);
			runOnlyForDeploymentPostprocessing = 0;
		};
/* End PBXFrameworksBuildPhase section */

/* Begin PBXGroup section */
		6FC1B32F34FCA71135C865B1 /* Pods */ = {
			isa = PBXGroup;
			children = (
				989B71E47CDE8A953A937D13 /* Pods-BOZ.debug.xcconfig */,
				C3385E772ACECB2377B52A22 /* Pods-BOZ.release.xcconfig */,
			);
			name = Pods;
			sourceTree = "<group>";
		};
		7BBB0EC120B9951F00643B58 /* Crew */ = {
			isa = PBXGroup;
			children = (
				FC12A1F32052A51C002912AD /* CrewEditCVVC.swift */,
				FC12A1F52052AC1A002912AD /* CrewCell.swift */,
			);
			path = Crew;
			sourceTree = "<group>";
		};
		7BBB0EC220B9954D00643B58 /* callToServer */ = {
			isa = PBXGroup;
			children = (
				AD9DFBCD205259FC00E4FE5B /* GetUsers.swift */,
				AD9DFBD020525E4800E4FE5B /* EnableUsers.swift */,
				7BBB0EC320B9959A00643B58 /* getAllEmployees.swift */,
				AD9DFBCB2052530B00E4FE5B /* CreateWorker.swift */,
			);
			path = callToServer;
			sourceTree = "<group>";
		};
		9A121A7C2059A48C00B6368C /* helpless */ = {
			isa = PBXGroup;
			children = (
				9A121A7D2059A4BA00B6368C /* HelplessVC.swift */,
				ADBA26432074A960004B2639 /* HelplessNC.swift */,
			);
			path = helpless;
			sourceTree = "<group>";
		};
		9A99C887203C93FA0057D607 = {
			isa = PBXGroup;
			children = (
				9A99C892203C93FA0057D607 /* BOZ */,
				9A99C8AA203C93FA0057D607 /* BOZTests */,
				9A99C8B5203C93FA0057D607 /* BOZUITests */,
				9A99C891203C93FA0057D607 /* Products */,
				6FC1B32F34FCA71135C865B1 /* Pods */,
				A1CEEB6EC4773F9F2F23CF94 /* Frameworks */,
			);
			sourceTree = "<group>";
		};
		9A99C891203C93FA0057D607 /* Products */ = {
			isa = PBXGroup;
			children = (
				9A99C890203C93FA0057D607 /* BOZ.app */,
				9A99C8A7203C93FA0057D607 /* BOZTests.xctest */,
				9A99C8B2203C93FA0057D607 /* BOZUITests.xctest */,
			);
			name = Products;
			sourceTree = "<group>";
		};
		9A99C892203C93FA0057D607 /* BOZ */ = {
			isa = PBXGroup;
			children = (
				ADFA43B720568F1800D164F5 /* Constants.swift */,
				AD02E8D3204E939E004D8DFC /* Push */,
				FC9FB3682047101E00A3B508 /* utils */,
				FC9FB36520470E9900A3B508 /* customViews */,
				ADB9EC4C203E2CFB00457A61 /* supportLibraries */,
				ADB9EC4B203E0CBA00457A61 /* models */,
				ADB9EC47203E0B5300457A61 /* controllers */,
				9A99C893203C93FA0057D607 /* AppDelegate.swift */,
				9A99C897203C93FA0057D607 /* Main.storyboard */,
				9A99C89D203C93FA0057D607 /* Assets.xcassets */,
				9A99C89F203C93FA0057D607 /* LaunchScreen.storyboard */,
				9A99C8A2203C93FA0057D607 /* Info.plist */,
				ADB9EC51203E310A00457A61 /* logo.gif */,
				9A99C89A203C93FA0057D607 /* BOZ.xcdatamodeld */,
			);
			path = BOZ;
			sourceTree = "<group>";
		};
		9A99C8AA203C93FA0057D607 /* BOZTests */ = {
			isa = PBXGroup;
			children = (
				9A99C8AB203C93FA0057D607 /* BOZTests.swift */,
				9A99C8AD203C93FA0057D607 /* Info.plist */,
			);
			path = BOZTests;
			sourceTree = "<group>";
		};
		9A99C8B5203C93FA0057D607 /* BOZUITests */ = {
			isa = PBXGroup;
			children = (
				9A99C8B6203C93FA0057D607 /* BOZUITests.swift */,
				9A99C8B8203C93FA0057D607 /* Info.plist */,
			);
			path = BOZUITests;
			sourceTree = "<group>";
		};
		9AA2B38A20508BB00042E03E /* Admin */ = {
			isa = PBXGroup;
			children = (
				7BBB0EC220B9954D00643B58 /* callToServer */,
				7BBB0EC120B9951F00643B58 /* Crew */,
				AD6C475E204F477500C9A115 /* AdminVC.swift */,
				9AA2B38D20508CE60042E03E /* FamilyAprovalController.swift */,
				9AA2B38F20508E030042E03E /* SystemChangesController.swift */,
				ADCFBBAE2070A380009EB6E8 /* AdminNC.swift */,
			);
			path = Admin;
			sourceTree = "<group>";
		};
		A1CEEB6EC4773F9F2F23CF94 /* Frameworks */ = {
			isa = PBXGroup;
			children = (
				E56D87A6385A089C9D413F05 /* Pods_BOZ.framework */,
				D62B66EA755D8BFBC5B5350A /* Pods_BOZTests.framework */,
				B12BBA2B9D86DDF33FCA879C /* Pods_BOZUITests.framework */,
			);
			name = Frameworks;
			sourceTree = "<group>";
		};
		AD02E8D3204E939E004D8DFC /* Push */ = {
			isa = PBXGroup;
			children = (
				AD02E8D4204E93D5004D8DFC /* push.swift */,
			);
			path = Push;
			sourceTree = "<group>";
		};
		AD2F6A1F2050E88600D38E85 /* Donator */ = {
			isa = PBXGroup;
			children = (
				FC9FB3632045F69200A3B508 /* DonationVC.swift */,
				ADFA43AF2056787D00D164F5 /* TakeVC.swift */,
				ADFA43B120567AB600D164F5 /* HoursVC.swift */,
				ADFA43B320567AD200D164F5 /* BarCodeVC.swift */,
				ADFA43B520567C8000D164F5 /* AddressVC.swift */,
				AD89F4AC2057230D00E96174 /* jsonMilkSubst.swift */,
				9AA126CE205D490C0044B832 /* DonationCellController.swift */,
				9AD673FE20BABE4500A19FBC /* ToScannerVC.swift */,
			);
			path = Donator;
			sourceTree = "<group>";
		};
		AD5105C6208C539B003FFA66 /* Storage */ = {
			isa = PBXGroup;
			children = (
				AD6C475C204F476200C9A115 /* StorageVC.swift */,
				AD5105C7208C5B45003FFA66 /* StorageNC.swift */,
			);
			path = Storage;
			sourceTree = "<group>";
		};
		AD5B0311205DE20200E740FE /* distributer */ = {
			isa = PBXGroup;
			children = (
				ADF25C1820B6A7A4006613B4 /* package */,
				ADCFBBB02070B1E8009EB6E8 /* DistributerNC.swift */,
				AD6C475A204F474600C9A115 /* DistributerVC.swift */,
				AD420EFD2091E526006FC183 /* DistributerCell.swift */,
				AD6F98602095CE85003EFCDF /* callToServer */,
			);
			path = distributer;
			sourceTree = "<group>";
		};
		AD6F98602095CE85003EFCDF /* callToServer */ = {
			isa = PBXGroup;
			children = (
				AD706D612097006600AAFBEC /* waitingToDelivery.swift */,
				AD706D632097007E00AAFBEC /* myTasks.swift */,
				AD9B9734209CDD36002936AC /* updateTasks.swift */,
				9A5A6AAB20B6E3A100B220D6 /* deleteTask.swift */,
			);
			path = callToServer;
			sourceTree = "<group>";
		};
		AD81FFB720407447001CBFDA /* productCollection */ = {
			isa = PBXGroup;
			children = (
				AD81FFB3204067A2001CBFDA /* ProductListViewController.swift */,
				AD81FFB520406FEE001CBFDA /* ProductCollectionViewCell.swift */,
				AD81FFB820407495001CBFDA /* MilkSubst.swift */,
				AD81FFBA2040756B001CBFDA /* ApiClient.swift */,
				AD81FFBC20407706001CBFDA /* DataStore.swift */,
			);
			path = productCollection;
			sourceTree = "<group>";
		};
		ADAAF38720518A7000F3883B /* Login */ = {
			isa = PBXGroup;
			children = (
				AD02E8D6204EA500004D8DFC /* Login_Push_Init.swift */,
				FC9FB3792049990F00A3B508 /* LoginVC.swift */,
			);
			path = Login;
			sourceTree = "<group>";
		};
		ADB9EC47203E0B5300457A61 /* controllers */ = {
			isa = PBXGroup;
			children = (
				AD5105C6208C539B003FFA66 /* Storage */,
				AD2F6A1F2050E88600D38E85 /* Donator */,
				AD5B0311205DE20200E740FE /* distributer */,
				9A121A7C2059A48C00B6368C /* helpless */,
				ADAAF38720518A7000F3883B /* Login */,
				9AA2B38A20508BB00042E03E /* Admin */,
				ADC67FE1204DA6AC009BD328 /* registration */,
				FC9FB370204866A500A3B508 /* oldControllers */,
				AD81FFB720407447001CBFDA /* productCollection */,
				ADB9EC48203E0B6900457A61 /* basecontroller */,
				FCC458382045C6B900A89CDE /* MainVC.swift */,
				FC9FB3712048670600A3B508 /* ProductListCVVC.swift */,
				9AFB82A72057F5A30099ABD5 /* BarCodeScannerController.swift */,
			);
			path = controllers;
			sourceTree = "<group>";
		};
		ADB9EC48203E0B6900457A61 /* basecontroller */ = {
			isa = PBXGroup;
			children = (
				FC9FB36E2047223400A3B508 /* BranchListCVVC.swift */,
				9A99C895203C93FA0057D607 /* BaseViewController.swift */,
			);
			path = basecontroller;
			sourceTree = "<group>";
		};
		ADB9EC4B203E0CBA00457A61 /* models */ = {
			isa = PBXGroup;
			children = (
				AD3A6C362041C1FF0004C825 /* CoreDataModel.swift */,
				FC9FB36C2047196500A3B508 /* Branch.swift */,
				FC9FB3752048864C00A3B508 /* DonationProduct.swift */,
				FC12A1F72052B1D1002912AD /* Crew.swift */,
				6D0B84C62057C361007FE670 /* Data1.swift */,
			);
			path = models;
			sourceTree = "<group>";
		};
		ADB9EC4C203E2CFB00457A61 /* supportLibraries */ = {
			isa = PBXGroup;
			children = (
				FCC458362045B5D300A89CDE /* GifImageView.swift */,
			);
			path = supportLibraries;
			sourceTree = "<group>";
		};
		ADC67FE1204DA6AC009BD328 /* registration */ = {
			isa = PBXGroup;
			children = (
				ADC67FE4204DB54E009BD328 /* RegistrationViewController.swift */,
			);
			path = registration;
			sourceTree = "<group>";
		};
		ADF25C1820B6A7A4006613B4 /* package */ = {
			isa = PBXGroup;
			children = (
				AD5B0314205DE5D900E740FE /* Package.swift */,
				AD52B66320AF231A007F8711 /* PakageCell.swift */,
				AD52B66120AF08D0007F8711 /* PakageDetailsVC.swift */,
				ADF25C1920B6A807006613B4 /* donation */,
			);
			path = package;
			sourceTree = "<group>";
		};
		ADF25C1920B6A807006613B4 /* donation */ = {
			isa = PBXGroup;
			children = (
				ADF25C1A20B6A86C006613B4 /* DonationDetailsCell.swift */,
				ADF25C1C20B6A894006613B4 /* DonationDetailsVC.swift */,
			);
			path = donation;
			sourceTree = "<group>";
		};
		FC9FB36520470E9900A3B508 /* customViews */ = {
			isa = PBXGroup;
			children = (
				FC9FB36620470F3F00A3B508 /* BranchCell.swift */,
				FC9FB3772049904200A3B508 /* MyTextField.swift */,
			);
			path = customViews;
			sourceTree = "<group>";
		};
		FC9FB3682047101E00A3B508 /* utils */ = {
			isa = PBXGroup;
			children = (
				FC9FB3692047102D00A3B508 /* Methods.swift */,
			);
			path = utils;
			sourceTree = "<group>";
		};
		FC9FB370204866A500A3B508 /* oldControllers */ = {
			isa = PBXGroup;
			children = (
				ADB9EC49203E0BDC00457A61 /* MainViewController.swift */,
				AD8C1E6B203F0A2C0006BFC5 /* Web2HelpViewController.swift */,
				ADC9823D203F2F74004BD58B /* AboutViewController.swift */,
				AD2AFD7D203F3F77006B93A5 /* QuickDonationViewController.swift */,
			);
			path = oldControllers;
			sourceTree = "<group>";
		};
/* End PBXGroup section */

/* Begin PBXNativeTarget section */
		9A99C88F203C93FA0057D607 /* BOZ */ = {
			isa = PBXNativeTarget;
			buildConfigurationList = 9A99C8BB203C93FA0057D607 /* Build configuration list for PBXNativeTarget "BOZ" */;
			buildPhases = (
				00798C480A04ADBE9AA2F43D /* [CP] Check Pods Manifest.lock */,
				9A99C88C203C93FA0057D607 /* Sources */,
				9A99C88D203C93FA0057D607 /* Frameworks */,
				9A99C88E203C93FA0057D607 /* Resources */,
				C741A2A90F39FB824B783813 /* [CP] Embed Pods Frameworks */,
				2CA9CC1A6EFD6ED5D43C1528 /* [CP] Copy Pods Resources */,
			);
			buildRules = (
			);
			dependencies = (
			);
			name = BOZ;
			productName = BOZ;
			productReference = 9A99C890203C93FA0057D607 /* BOZ.app */;
			productType = "com.apple.product-type.application";
		};
		9A99C8A6203C93FA0057D607 /* BOZTests */ = {
			isa = PBXNativeTarget;
			buildConfigurationList = 9A99C8BE203C93FA0057D607 /* Build configuration list for PBXNativeTarget "BOZTests" */;
			buildPhases = (
				9A99C8A3203C93FA0057D607 /* Sources */,
				9A99C8A4203C93FA0057D607 /* Frameworks */,
				9A99C8A5203C93FA0057D607 /* Resources */,
			);
			buildRules = (
			);
			dependencies = (
				9A99C8A9203C93FA0057D607 /* PBXTargetDependency */,
			);
			name = BOZTests;
			productName = BOZTests;
			productReference = 9A99C8A7203C93FA0057D607 /* BOZTests.xctest */;
			productType = "com.apple.product-type.bundle.unit-test";
		};
		9A99C8B1203C93FA0057D607 /* BOZUITests */ = {
			isa = PBXNativeTarget;
			buildConfigurationList = 9A99C8C1203C93FA0057D607 /* Build configuration list for PBXNativeTarget "BOZUITests" */;
			buildPhases = (
				9A99C8AE203C93FA0057D607 /* Sources */,
				9A99C8AF203C93FA0057D607 /* Frameworks */,
				9A99C8B0203C93FA0057D607 /* Resources */,
			);
			buildRules = (
			);
			dependencies = (
				9A99C8B4203C93FA0057D607 /* PBXTargetDependency */,
			);
			name = BOZUITests;
			productName = BOZUITests;
			productReference = 9A99C8B2203C93FA0057D607 /* BOZUITests.xctest */;
			productType = "com.apple.product-type.bundle.ui-testing";
		};
/* End PBXNativeTarget section */

/* Begin PBXProject section */
		9A99C888203C93FA0057D607 /* Project object */ = {
			isa = PBXProject;
			attributes = {
				LastSwiftUpdateCheck = 0920;
				LastUpgradeCheck = 0920;
				ORGANIZATIONNAME = Ovadia;
				TargetAttributes = {
					9A99C88F203C93FA0057D607 = {
						CreatedOnToolsVersion = 9.2;
						ProvisioningStyle = Automatic;
					};
					9A99C8A6203C93FA0057D607 = {
						CreatedOnToolsVersion = 9.2;
						ProvisioningStyle = Automatic;
						TestTargetID = 9A99C88F203C93FA0057D607;
					};
					9A99C8B1203C93FA0057D607 = {
						CreatedOnToolsVersion = 9.2;
						ProvisioningStyle = Automatic;
						TestTargetID = 9A99C88F203C93FA0057D607;
					};
				};
			};
			buildConfigurationList = 9A99C88B203C93FA0057D607 /* Build configuration list for PBXProject "BOZ" */;
			compatibilityVersion = "Xcode 8.0";
			developmentRegion = en;
			hasScannedForEncodings = 0;
			knownRegions = (
				en,
				Base,
			);
			mainGroup = 9A99C887203C93FA0057D607;
			productRefGroup = 9A99C891203C93FA0057D607 /* Products */;
			projectDirPath = "";
			projectRoot = "";
			targets = (
				9A99C88F203C93FA0057D607 /* BOZ */,
				9A99C8A6203C93FA0057D607 /* BOZTests */,
				9A99C8B1203C93FA0057D607 /* BOZUITests */,
			);
		};
/* End PBXProject section */

/* Begin PBXResourcesBuildPhase section */
		9A99C88E203C93FA0057D607 /* Resources */ = {
			isa = PBXResourcesBuildPhase;
			buildActionMask = 2147483647;
			files = (
				9A99C8A1203C93FA0057D607 /* LaunchScreen.storyboard in Resources */,
				ADB9EC52203E310A00457A61 /* logo.gif in Resources */,
				9A99C89E203C93FA0057D607 /* Assets.xcassets in Resources */,
				9A99C899203C93FA0057D607 /* Main.storyboard in Resources */,
			);
			runOnlyForDeploymentPostprocessing = 0;
		};
		9A99C8A5203C93FA0057D607 /* Resources */ = {
			isa = PBXResourcesBuildPhase;
			buildActionMask = 2147483647;
			files = (
			);
			runOnlyForDeploymentPostprocessing = 0;
		};
		9A99C8B0203C93FA0057D607 /* Resources */ = {
			isa = PBXResourcesBuildPhase;
			buildActionMask = 2147483647;
			files = (
			);
			runOnlyForDeploymentPostprocessing = 0;
		};
/* End PBXResourcesBuildPhase section */

/* Begin PBXShellScriptBuildPhase section */
		00798C480A04ADBE9AA2F43D /* [CP] Check Pods Manifest.lock */ = {
			isa = PBXShellScriptBuildPhase;
			buildActionMask = 2147483647;
			files = (
			);
			inputPaths = (
				"${PODS_PODFILE_DIR_PATH}/Podfile.lock",
				"${PODS_ROOT}/Manifest.lock",
			);
			name = "[CP] Check Pods Manifest.lock";
			outputPaths = (
				"$(DERIVED_FILE_DIR)/Pods-BOZ-checkManifestLockResult.txt",
			);
			runOnlyForDeploymentPostprocessing = 0;
			shellPath = /bin/sh;
			shellScript = "diff \"${PODS_PODFILE_DIR_PATH}/Podfile.lock\" \"${PODS_ROOT}/Manifest.lock\" > /dev/null\nif [ $? != 0 ] ; then\n    # print error to STDERR\n    echo \"error: The sandbox is not in sync with the Podfile.lock. Run 'pod install' or update your CocoaPods installation.\" >&2\n    exit 1\nfi\n# This output is used by Xcode 'outputs' to avoid re-running this script phase.\necho \"SUCCESS\" > \"${SCRIPT_OUTPUT_FILE_0}\"\n";
			showEnvVarsInLog = 0;
		};
		2CA9CC1A6EFD6ED5D43C1528 /* [CP] Copy Pods Resources */ = {
			isa = PBXShellScriptBuildPhase;
			buildActionMask = 2147483647;
			files = (
			);
			inputPaths = (
			);
			name = "[CP] Copy Pods Resources";
			outputPaths = (
			);
			runOnlyForDeploymentPostprocessing = 0;
			shellPath = /bin/sh;
			shellScript = "\"${SRCROOT}/Pods/Target Support Files/Pods-BOZ/Pods-BOZ-resources.sh\"\n";
			showEnvVarsInLog = 0;
		};
		C741A2A90F39FB824B783813 /* [CP] Embed Pods Frameworks */ = {
			isa = PBXShellScriptBuildPhase;
			buildActionMask = 2147483647;
			files = (
			);
			inputPaths = (
				"${SRCROOT}/Pods/Target Support Files/Pods-BOZ/Pods-BOZ-frameworks.sh",
				"${BUILT_PRODUCTS_DIR}/Alamofire/Alamofire.framework",
				"${BUILT_PRODUCTS_DIR}/BMSAnalyticsAPI/BMSAnalyticsAPI.framework",
				"${BUILT_PRODUCTS_DIR}/BMSCore/BMSCore.framework",
				"${BUILT_PRODUCTS_DIR}/BMSPush/BMSPush.framework",
			);
			name = "[CP] Embed Pods Frameworks";
			outputPaths = (
				"${TARGET_BUILD_DIR}/${FRAMEWORKS_FOLDER_PATH}/Alamofire.framework",
				"${TARGET_BUILD_DIR}/${FRAMEWORKS_FOLDER_PATH}/BMSAnalyticsAPI.framework",
				"${TARGET_BUILD_DIR}/${FRAMEWORKS_FOLDER_PATH}/BMSCore.framework",
				"${TARGET_BUILD_DIR}/${FRAMEWORKS_FOLDER_PATH}/BMSPush.framework",
			);
			runOnlyForDeploymentPostprocessing = 0;
			shellPath = /bin/sh;
			shellScript = "\"${SRCROOT}/Pods/Target Support Files/Pods-BOZ/Pods-BOZ-frameworks.sh\"\n";
			showEnvVarsInLog = 0;
		};
/* End PBXShellScriptBuildPhase section */

/* Begin PBXSourcesBuildPhase section */
		9A99C88C203C93FA0057D607 /* Sources */ = {
			isa = PBXSourcesBuildPhase;
			buildActionMask = 2147483647;
			files = (
				AD52B66220AF08D0007F8711 /* PakageDetailsVC.swift in Sources */,
				9A5A6AAC20B6E3A100B220D6 /* deleteTask.swift in Sources */,
				9A99C89C203C93FA0057D607 /* BOZ.xcdatamodeld in Sources */,
				FCC458392045C6B900A89CDE /* MainVC.swift in Sources */,
				FCC458372045B5D300A89CDE /* GifImageView.swift in Sources */,
				AD8C1E6C203F0A2C0006BFC5 /* Web2HelpViewController.swift in Sources */,
				AD6C475B204F474600C9A115 /* DistributerVC.swift in Sources */,
				ADBA26442074A960004B2639 /* HelplessNC.swift in Sources */,
				FC9FB36F2047223500A3B508 /* BranchListCVVC.swift in Sources */,
				ADF25C1B20B6A86C006613B4 /* DonationDetailsCell.swift in Sources */,
				AD3A6C372041C1FF0004C825 /* CoreDataModel.swift in Sources */,
				AD6C475D204F476200C9A115 /* StorageVC.swift in Sources */,
				AD420EFE2091E526006FC183 /* DistributerCell.swift in Sources */,
				ADFA43B02056787D00D164F5 /* TakeVC.swift in Sources */,
				6D0B84C72057C361007FE670 /* Data1.swift in Sources */,
				AD9B9735209CDD36002936AC /* updateTasks.swift in Sources */,
				AD706D622097006600AAFBEC /* waitingToDelivery.swift in Sources */,
				FC9FB3722048670600A3B508 /* ProductListCVVC.swift in Sources */,
				9AD673FF20BABE4500A19FBC /* ToScannerVC.swift in Sources */,
				ADC9823E203F2F74004BD58B /* AboutViewController.swift in Sources */,
				AD2AFD7E203F3F77006B93A5 /* QuickDonationViewController.swift in Sources */,
				AD81FFB920407495001CBFDA /* MilkSubst.swift in Sources */,
				FC9FB3782049904200A3B508 /* MyTextField.swift in Sources */,
				9AA2B39020508E030042E03E /* SystemChangesController.swift in Sources */,
				FC9FB36A2047102D00A3B508 /* Methods.swift in Sources */,
				ADF25C1D20B6A894006613B4 /* DonationDetailsVC.swift in Sources */,
				AD9DFBD120525E4800E4FE5B /* EnableUsers.swift in Sources */,
				AD9DFBCE205259FC00E4FE5B /* GetUsers.swift in Sources */,
				ADC67FE5204DB54E009BD328 /* RegistrationViewController.swift in Sources */,
				AD9DFBCC2052530B00E4FE5B /* CreateWorker.swift in Sources */,
				AD02E8D7204EA500004D8DFC /* Login_Push_Init.swift in Sources */,
				9AA126CF205D490C0044B832 /* DonationCellController.swift in Sources */,
				FC12A1F42052A51C002912AD /* CrewEditCVVC.swift in Sources */,
				ADFA43B620567C8000D164F5 /* AddressVC.swift in Sources */,
				ADFA43B820568F1800D164F5 /* Constants.swift in Sources */,
				ADFA43B220567AB600D164F5 /* HoursVC.swift in Sources */,
				AD5B0315205DE5D900E740FE /* Package.swift in Sources */,
				FC12A1F62052AC1A002912AD /* CrewCell.swift in Sources */,
				9AFB82A82057F5A30099ABD5 /* BarCodeScannerController.swift in Sources */,
				9AA2B38E20508CE60042E03E /* FamilyAprovalController.swift in Sources */,
				AD81FFBB2040756B001CBFDA /* ApiClient.swift in Sources */,
				FC9FB3762048864C00A3B508 /* DonationProduct.swift in Sources */,
				9A99C896203C93FA0057D607 /* BaseViewController.swift in Sources */,
				9A99C894203C93FA0057D607 /* AppDelegate.swift in Sources */,
				FC9FB36D2047196500A3B508 /* Branch.swift in Sources */,
				ADB9EC4A203E0BDC00457A61 /* MainViewController.swift in Sources */,
				AD5105C8208C5B45003FFA66 /* StorageNC.swift in Sources */,
				9A121A7E2059A4BA00B6368C /* HelplessVC.swift in Sources */,
				ADCFBBAF2070A380009EB6E8 /* AdminNC.swift in Sources */,
				AD81FFB4204067A2001CBFDA /* ProductListViewController.swift in Sources */,
				AD706D642097007E00AAFBEC /* myTasks.swift in Sources */,
				ADFA43B420567AD200D164F5 /* BarCodeVC.swift in Sources */,
				ADCFBBB12070B1E8009EB6E8 /* DistributerNC.swift in Sources */,
				AD02E8D5204E93D5004D8DFC /* push.swift in Sources */,
				AD81FFB620406FEE001CBFDA /* ProductCollectionViewCell.swift in Sources */,
				FC9FB36720470F3F00A3B508 /* BranchCell.swift in Sources */,
				AD89F4AD2057230D00E96174 /* jsonMilkSubst.swift in Sources */,
				FC9FB37A2049990F00A3B508 /* LoginVC.swift in Sources */,
				FC12A1F82052B1D1002912AD /* Crew.swift in Sources */,
				AD52B66420AF231A007F8711 /* PakageCell.swift in Sources */,
				7BBB0EC420B9959A00643B58 /* getAllEmployees.swift in Sources */,
				AD6C475F204F477500C9A115 /* AdminVC.swift in Sources */,
				AD81FFBD20407706001CBFDA /* DataStore.swift in Sources */,
				FC9FB3642045F69200A3B508 /* DonationVC.swift in Sources */,
			);
			runOnlyForDeploymentPostprocessing = 0;
		};
		9A99C8A3203C93FA0057D607 /* Sources */ = {
			isa = PBXSourcesBuildPhase;
			buildActionMask = 2147483647;
			files = (
				9A99C8AC203C93FA0057D607 /* BOZTests.swift in Sources */,
			);
			runOnlyForDeploymentPostprocessing = 0;
		};
		9A99C8AE203C93FA0057D607 /* Sources */ = {
			isa = PBXSourcesBuildPhase;
			buildActionMask = 2147483647;
			files = (
				9A99C8B7203C93FA0057D607 /* BOZUITests.swift in Sources */,
			);
			runOnlyForDeploymentPostprocessing = 0;
		};
/* End PBXSourcesBuildPhase section */

/* Begin PBXTargetDependency section */
		9A99C8A9203C93FA0057D607 /* PBXTargetDependency */ = {
			isa = PBXTargetDependency;
			target = 9A99C88F203C93FA0057D607 /* BOZ */;
			targetProxy = 9A99C8A8203C93FA0057D607 /* PBXContainerItemProxy */;
		};
		9A99C8B4203C93FA0057D607 /* PBXTargetDependency */ = {
			isa = PBXTargetDependency;
			target = 9A99C88F203C93FA0057D607 /* BOZ */;
			targetProxy = 9A99C8B3203C93FA0057D607 /* PBXContainerItemProxy */;
		};
/* End PBXTargetDependency section */

/* Begin PBXVariantGroup section */
		9A99C897203C93FA0057D607 /* Main.storyboard */ = {
			isa = PBXVariantGroup;
			children = (
				9A99C898203C93FA0057D607 /* Base */,
			);
			name = Main.storyboard;
			sourceTree = "<group>";
		};
		9A99C89F203C93FA0057D607 /* LaunchScreen.storyboard */ = {
			isa = PBXVariantGroup;
			children = (
				9A99C8A0203C93FA0057D607 /* Base */,
			);
			name = LaunchScreen.storyboard;
			sourceTree = "<group>";
		};
/* End PBXVariantGroup section */

/* Begin XCBuildConfiguration section */
		9A99C8B9203C93FA0057D607 /* Debug */ = {
			isa = XCBuildConfiguration;
			buildSettings = {
				ALWAYS_SEARCH_USER_PATHS = NO;
				CLANG_ANALYZER_NONNULL = YES;
				CLANG_ANALYZER_NUMBER_OBJECT_CONVERSION = YES_AGGRESSIVE;
				CLANG_CXX_LANGUAGE_STANDARD = "gnu++14";
				CLANG_CXX_LIBRARY = "libc++";
				CLANG_ENABLE_MODULES = YES;
				CLANG_ENABLE_OBJC_ARC = YES;
				CLANG_WARN_BLOCK_CAPTURE_AUTORELEASING = YES;
				CLANG_WARN_BOOL_CONVERSION = YES;
				CLANG_WARN_COMMA = YES;
				CLANG_WARN_CONSTANT_CONVERSION = YES;
				CLANG_WARN_DIRECT_OBJC_ISA_USAGE = YES_ERROR;
				CLANG_WARN_DOCUMENTATION_COMMENTS = YES;
				CLANG_WARN_EMPTY_BODY = YES;
				CLANG_WARN_ENUM_CONVERSION = YES;
				CLANG_WARN_INFINITE_RECURSION = YES;
				CLANG_WARN_INT_CONVERSION = YES;
				CLANG_WARN_NON_LITERAL_NULL_CONVERSION = YES;
				CLANG_WARN_OBJC_LITERAL_CONVERSION = YES;
				CLANG_WARN_OBJC_ROOT_CLASS = YES_ERROR;
				CLANG_WARN_RANGE_LOOP_ANALYSIS = YES;
				CLANG_WARN_STRICT_PROTOTYPES = YES;
				CLANG_WARN_SUSPICIOUS_MOVE = YES;
				CLANG_WARN_UNGUARDED_AVAILABILITY = YES_AGGRESSIVE;
				CLANG_WARN_UNREACHABLE_CODE = YES;
				CLANG_WARN__DUPLICATE_METHOD_MATCH = YES;
				CODE_SIGN_IDENTITY = "iPhone Developer";
				COPY_PHASE_STRIP = NO;
				DEBUG_INFORMATION_FORMAT = dwarf;
				ENABLE_STRICT_OBJC_MSGSEND = YES;
				ENABLE_TESTABILITY = YES;
				GCC_C_LANGUAGE_STANDARD = gnu11;
				GCC_DYNAMIC_NO_PIC = NO;
				GCC_NO_COMMON_BLOCKS = YES;
				GCC_OPTIMIZATION_LEVEL = 0;
				GCC_PREPROCESSOR_DEFINITIONS = (
					"DEBUG=1",
					"$(inherited)",
				);
				GCC_WARN_64_TO_32_BIT_CONVERSION = YES;
				GCC_WARN_ABOUT_RETURN_TYPE = YES_ERROR;
				GCC_WARN_UNDECLARED_SELECTOR = YES;
				GCC_WARN_UNINITIALIZED_AUTOS = YES_AGGRESSIVE;
				GCC_WARN_UNUSED_FUNCTION = YES;
				GCC_WARN_UNUSED_VARIABLE = YES;
				IPHONEOS_DEPLOYMENT_TARGET = 11.2;
				MTL_ENABLE_DEBUG_INFO = YES;
				ONLY_ACTIVE_ARCH = YES;
				SDKROOT = iphoneos;
				SWIFT_ACTIVE_COMPILATION_CONDITIONS = DEBUG;
				SWIFT_OPTIMIZATION_LEVEL = "-Onone";
			};
			name = Debug;
		};
		9A99C8BA203C93FA0057D607 /* Release */ = {
			isa = XCBuildConfiguration;
			buildSettings = {
				ALWAYS_SEARCH_USER_PATHS = NO;
				CLANG_ANALYZER_NONNULL = YES;
				CLANG_ANALYZER_NUMBER_OBJECT_CONVERSION = YES_AGGRESSIVE;
				CLANG_CXX_LANGUAGE_STANDARD = "gnu++14";
				CLANG_CXX_LIBRARY = "libc++";
				CLANG_ENABLE_MODULES = YES;
				CLANG_ENABLE_OBJC_ARC = YES;
				CLANG_WARN_BLOCK_CAPTURE_AUTORELEASING = YES;
				CLANG_WARN_BOOL_CONVERSION = YES;
				CLANG_WARN_COMMA = YES;
				CLANG_WARN_CONSTANT_CONVERSION = YES;
				CLANG_WARN_DIRECT_OBJC_ISA_USAGE = YES_ERROR;
				CLANG_WARN_DOCUMENTATION_COMMENTS = YES;
				CLANG_WARN_EMPTY_BODY = YES;
				CLANG_WARN_ENUM_CONVERSION = YES;
				CLANG_WARN_INFINITE_RECURSION = YES;
				CLANG_WARN_INT_CONVERSION = YES;
				CLANG_WARN_NON_LITERAL_NULL_CONVERSION = YES;
				CLANG_WARN_OBJC_LITERAL_CONVERSION = YES;
				CLANG_WARN_OBJC_ROOT_CLASS = YES_ERROR;
				CLANG_WARN_RANGE_LOOP_ANALYSIS = YES;
				CLANG_WARN_STRICT_PROTOTYPES = YES;
				CLANG_WARN_SUSPICIOUS_MOVE = YES;
				CLANG_WARN_UNGUARDED_AVAILABILITY = YES_AGGRESSIVE;
				CLANG_WARN_UNREACHABLE_CODE = YES;
				CLANG_WARN__DUPLICATE_METHOD_MATCH = YES;
				CODE_SIGN_IDENTITY = "iPhone Developer";
				COPY_PHASE_STRIP = NO;
				DEBUG_INFORMATION_FORMAT = "dwarf-with-dsym";
				ENABLE_NS_ASSERTIONS = NO;
				ENABLE_STRICT_OBJC_MSGSEND = YES;
				GCC_C_LANGUAGE_STANDARD = gnu11;
				GCC_NO_COMMON_BLOCKS = YES;
				GCC_WARN_64_TO_32_BIT_CONVERSION = YES;
				GCC_WARN_ABOUT_RETURN_TYPE = YES_ERROR;
				GCC_WARN_UNDECLARED_SELECTOR = YES;
				GCC_WARN_UNINITIALIZED_AUTOS = YES_AGGRESSIVE;
				GCC_WARN_UNUSED_FUNCTION = YES;
				GCC_WARN_UNUSED_VARIABLE = YES;
				IPHONEOS_DEPLOYMENT_TARGET = 11.2;
				MTL_ENABLE_DEBUG_INFO = NO;
				SDKROOT = iphoneos;
				SWIFT_OPTIMIZATION_LEVEL = "-Owholemodule";
				VALIDATE_PRODUCT = YES;
			};
			name = Release;
		};
		9A99C8BC203C93FA0057D607 /* Debug */ = {
			isa = XCBuildConfiguration;
			baseConfigurationReference = 989B71E47CDE8A953A937D13 /* Pods-BOZ.debug.xcconfig */;
			buildSettings = {
				ASSETCATALOG_COMPILER_APPICON_NAME = AppIcon;
				CODE_SIGN_STYLE = Automatic;
				DEVELOPMENT_TEAM = PMSF2JXC98;
				INFOPLIST_FILE = BOZ/Info.plist;
				LD_RUNPATH_SEARCH_PATHS = "$(inherited) @executable_path/Frameworks";
				PRODUCT_BUNDLE_IDENTIFIER = com.ovadia;
				PRODUCT_NAME = "$(TARGET_NAME)";
				SWIFT_VERSION = 4.0;
				TARGETED_DEVICE_FAMILY = "1,2";
			};
			name = Debug;
		};
		9A99C8BD203C93FA0057D607 /* Release */ = {
			isa = XCBuildConfiguration;
			baseConfigurationReference = C3385E772ACECB2377B52A22 /* Pods-BOZ.release.xcconfig */;
			buildSettings = {
				ASSETCATALOG_COMPILER_APPICON_NAME = AppIcon;
				CODE_SIGN_STYLE = Automatic;
				DEVELOPMENT_TEAM = PMSF2JXC98;
				INFOPLIST_FILE = BOZ/Info.plist;
				LD_RUNPATH_SEARCH_PATHS = "$(inherited) @executable_path/Frameworks";
				PRODUCT_BUNDLE_IDENTIFIER = com.ovadia;
				PRODUCT_NAME = "$(TARGET_NAME)";
				SWIFT_VERSION = 4.0;
				TARGETED_DEVICE_FAMILY = "1,2";
			};
			name = Release;
		};
		9A99C8BF203C93FA0057D607 /* Debug */ = {
			isa = XCBuildConfiguration;
			buildSettings = {
				ALWAYS_EMBED_SWIFT_STANDARD_LIBRARIES = YES;
				BUNDLE_LOADER = "$(TEST_HOST)";
				CODE_SIGN_STYLE = Automatic;
				DEVELOPMENT_TEAM = 94A5KG8Q6V;
				INFOPLIST_FILE = BOZTests/Info.plist;
				LD_RUNPATH_SEARCH_PATHS = "$(inherited) @executable_path/Frameworks @loader_path/Frameworks";
				PRODUCT_BUNDLE_IDENTIFIER = com.ovadia.BOZTests;
				PRODUCT_NAME = "$(TARGET_NAME)";
				SWIFT_VERSION = 4.0;
				TARGETED_DEVICE_FAMILY = "1,2";
				TEST_HOST = "$(BUILT_PRODUCTS_DIR)/BOZ.app/BOZ";
			};
			name = Debug;
		};
		9A99C8C0203C93FA0057D607 /* Release */ = {
			isa = XCBuildConfiguration;
			buildSettings = {
				ALWAYS_EMBED_SWIFT_STANDARD_LIBRARIES = YES;
				BUNDLE_LOADER = "$(TEST_HOST)";
				CODE_SIGN_STYLE = Automatic;
				DEVELOPMENT_TEAM = 94A5KG8Q6V;
				INFOPLIST_FILE = BOZTests/Info.plist;
				LD_RUNPATH_SEARCH_PATHS = "$(inherited) @executable_path/Frameworks @loader_path/Frameworks";
				PRODUCT_BUNDLE_IDENTIFIER = com.ovadia.BOZTests;
				PRODUCT_NAME = "$(TARGET_NAME)";
				SWIFT_VERSION = 4.0;
				TARGETED_DEVICE_FAMILY = "1,2";
				TEST_HOST = "$(BUILT_PRODUCTS_DIR)/BOZ.app/BOZ";
			};
			name = Release;
		};
		9A99C8C2203C93FA0057D607 /* Debug */ = {
			isa = XCBuildConfiguration;
			buildSettings = {
				ALWAYS_EMBED_SWIFT_STANDARD_LIBRARIES = YES;
				CODE_SIGN_STYLE = Automatic;
				DEVELOPMENT_TEAM = 94A5KG8Q6V;
				INFOPLIST_FILE = BOZUITests/Info.plist;
				LD_RUNPATH_SEARCH_PATHS = "$(inherited) @executable_path/Frameworks @loader_path/Frameworks";
				PRODUCT_BUNDLE_IDENTIFIER = com.ovadia.BOZUITests;
				PRODUCT_NAME = "$(TARGET_NAME)";
				SWIFT_VERSION = 4.0;
				TARGETED_DEVICE_FAMILY = "1,2";
				TEST_TARGET_NAME = BOZ;
			};
			name = Debug;
		};
		9A99C8C3203C93FA0057D607 /* Release */ = {
			isa = XCBuildConfiguration;
			buildSettings = {
				ALWAYS_EMBED_SWIFT_STANDARD_LIBRARIES = YES;
				CODE_SIGN_STYLE = Automatic;
				DEVELOPMENT_TEAM = 94A5KG8Q6V;
				INFOPLIST_FILE = BOZUITests/Info.plist;
				LD_RUNPATH_SEARCH_PATHS = "$(inherited) @executable_path/Frameworks @loader_path/Frameworks";
				PRODUCT_BUNDLE_IDENTIFIER = com.ovadia.BOZUITests;
				PRODUCT_NAME = "$(TARGET_NAME)";
				SWIFT_VERSION = 4.0;
				TARGETED_DEVICE_FAMILY = "1,2";
				TEST_TARGET_NAME = BOZ;
			};
			name = Release;
		};
/* End XCBuildConfiguration section */

/* Begin XCConfigurationList section */
		9A99C88B203C93FA0057D607 /* Build configuration list for PBXProject "BOZ" */ = {
			isa = XCConfigurationList;
			buildConfigurations = (
				9A99C8B9203C93FA0057D607 /* Debug */,
				9A99C8BA203C93FA0057D607 /* Release */,
			);
			defaultConfigurationIsVisible = 0;
			defaultConfigurationName = Release;
		};
		9A99C8BB203C93FA0057D607 /* Build configuration list for PBXNativeTarget "BOZ" */ = {
			isa = XCConfigurationList;
			buildConfigurations = (
				9A99C8BC203C93FA0057D607 /* Debug */,
				9A99C8BD203C93FA0057D607 /* Release */,
			);
			defaultConfigurationIsVisible = 0;
			defaultConfigurationName = Release;
		};
		9A99C8BE203C93FA0057D607 /* Build configuration list for PBXNativeTarget "BOZTests" */ = {
			isa = XCConfigurationList;
			buildConfigurations = (
				9A99C8BF203C93FA0057D607 /* Debug */,
				9A99C8C0203C93FA0057D607 /* Release */,
			);
			defaultConfigurationIsVisible = 0;
			defaultConfigurationName = Release;
		};
		9A99C8C1203C93FA0057D607 /* Build configuration list for PBXNativeTarget "BOZUITests" */ = {
			isa = XCConfigurationList;
			buildConfigurations = (
				9A99C8C2203C93FA0057D607 /* Debug */,
				9A99C8C3203C93FA0057D607 /* Release */,
			);
			defaultConfigurationIsVisible = 0;
			defaultConfigurationName = Release;
		};
/* End XCConfigurationList section */

/* Begin XCVersionGroup section */
		9A99C89A203C93FA0057D607 /* BOZ.xcdatamodeld */ = {
			isa = XCVersionGroup;
			children = (
				9A99C89B203C93FA0057D607 /* BOZ.xcdatamodel */,
			);
			currentVersion = 9A99C89B203C93FA0057D607 /* BOZ.xcdatamodel */;
			path = BOZ.xcdatamodeld;
			sourceTree = "<group>";
			versionGroupType = wrapper.xcdatamodel;
		};
/* End XCVersionGroup section */
	};
	rootObject = 9A99C888203C93FA0057D607 /* Project object */;
}
